// !$*UTF8*$!
{
	archiveVersion = 1;
	classes = {
	};
	objectVersion = 46;
	objects = {

/* Begin PBXBuildFile section */
		4923A72718F77E79008A43FF /* placeholder.png in Resources */ = {isa = PBXBuildFile; fileRef = 4923A72618F77E79008A43FF /* placeholder.png */; };
		492FEB5C18F1D935008BABD1 /* NSMutableURLRequest+Parameters.m in Sources */ = {isa = PBXBuildFile; fileRef = 492FEB3818F1D935008BABD1 /* NSMutableURLRequest+Parameters.m */; settings = {COMPILER_FLAGS = "-fno-objc-arc"; }; };
		492FEB5D18F1D935008BABD1 /* NSString+URLEncoding.m in Sources */ = {isa = PBXBuildFile; fileRef = 492FEB3A18F1D935008BABD1 /* NSString+URLEncoding.m */; settings = {COMPILER_FLAGS = "-fno-objc-arc"; }; };
		492FEB5E18F1D935008BABD1 /* NSURL+Base.m in Sources */ = {isa = PBXBuildFile; fileRef = 492FEB3C18F1D935008BABD1 /* NSURL+Base.m */; settings = {COMPILER_FLAGS = "-fno-objc-arc"; }; };
		492FEB5F18F1D935008BABD1 /* Base64Transcoder.c in Sources */ = {isa = PBXBuildFile; fileRef = 492FEB3E18F1D935008BABD1 /* Base64Transcoder.c */; settings = {COMPILER_FLAGS = "-fno-objc-arc"; }; };
		492FEB6018F1D935008BABD1 /* hmac.c in Sources */ = {isa = PBXBuildFile; fileRef = 492FEB4018F1D935008BABD1 /* hmac.c */; settings = {COMPILER_FLAGS = "-fno-objc-arc"; }; };
		492FEB6118F1D935008BABD1 /* sha1.c in Sources */ = {isa = PBXBuildFile; fileRef = 492FEB4218F1D935008BABD1 /* sha1.c */; settings = {COMPILER_FLAGS = "-fno-objc-arc"; }; };
		492FEB6218F1D935008BABD1 /* OACall.m in Sources */ = {isa = PBXBuildFile; fileRef = 492FEB4518F1D935008BABD1 /* OACall.m */; settings = {COMPILER_FLAGS = "-fno-objc-arc"; }; };
		492FEB6318F1D935008BABD1 /* OAConsumer.m in Sources */ = {isa = PBXBuildFile; fileRef = 492FEB4718F1D935008BABD1 /* OAConsumer.m */; settings = {COMPILER_FLAGS = "-fno-objc-arc"; }; };
		492FEB6418F1D935008BABD1 /* OADataFetcher.m in Sources */ = {isa = PBXBuildFile; fileRef = 492FEB4918F1D935008BABD1 /* OADataFetcher.m */; settings = {COMPILER_FLAGS = "-fno-objc-arc"; }; };
		492FEB6518F1D935008BABD1 /* OAHMAC_SHA1SignatureProvider.m in Sources */ = {isa = PBXBuildFile; fileRef = 492FEB4B18F1D935008BABD1 /* OAHMAC_SHA1SignatureProvider.m */; settings = {COMPILER_FLAGS = "-fno-objc-arc"; }; };
		492FEB6618F1D935008BABD1 /* OAMutableURLRequest.m in Sources */ = {isa = PBXBuildFile; fileRef = 492FEB4D18F1D935008BABD1 /* OAMutableURLRequest.m */; settings = {COMPILER_FLAGS = "-fno-objc-arc"; }; };
		492FEB6718F1D935008BABD1 /* OAPlaintextSignatureProvider.m in Sources */ = {isa = PBXBuildFile; fileRef = 492FEB4F18F1D935008BABD1 /* OAPlaintextSignatureProvider.m */; settings = {COMPILER_FLAGS = "-fno-objc-arc"; }; };
		492FEB6818F1D935008BABD1 /* OAProblem.m in Sources */ = {isa = PBXBuildFile; fileRef = 492FEB5118F1D935008BABD1 /* OAProblem.m */; settings = {COMPILER_FLAGS = "-fno-objc-arc"; }; };
		492FEB6918F1D935008BABD1 /* OARequestParameter.m in Sources */ = {isa = PBXBuildFile; fileRef = 492FEB5318F1D935008BABD1 /* OARequestParameter.m */; settings = {COMPILER_FLAGS = "-fno-objc-arc"; }; };
		492FEB6A18F1D935008BABD1 /* OAServiceTicket.m in Sources */ = {isa = PBXBuildFile; fileRef = 492FEB5518F1D935008BABD1 /* OAServiceTicket.m */; settings = {COMPILER_FLAGS = "-fno-objc-arc"; }; };
		492FEB6B18F1D935008BABD1 /* OAToken.m in Sources */ = {isa = PBXBuildFile; fileRef = 492FEB5818F1D935008BABD1 /* OAToken.m */; settings = {COMPILER_FLAGS = "-fno-objc-arc"; }; };
		492FEB6C18F1D935008BABD1 /* OATokenManager.m in Sources */ = {isa = PBXBuildFile; fileRef = 492FEB5A18F1D935008BABD1 /* OATokenManager.m */; settings = {COMPILER_FLAGS = "-fno-objc-arc"; }; };
		49445DAF18EF04F300525E66 /* LocationSuggestionCell.m in Sources */ = {isa = PBXBuildFile; fileRef = 49445DAE18EF04F300525E66 /* LocationSuggestionCell.m */; };
		49445DEB18EF1D1200525E66 /* libxml2.dylib in Frameworks */ = {isa = PBXBuildFile; fileRef = 49445DEA18EF1D1200525E66 /* libxml2.dylib */; };
		495269A718F992BF0065ED14 /* ObservableMutableArray.m in Sources */ = {isa = PBXBuildFile; fileRef = 495269A618F992BF0065ED14 /* ObservableMutableArray.m */; };
		49661CDA18E0D8DA007E5CE6 /* AudioToolbox.framework in Frameworks */ = {isa = PBXBuildFile; fileRef = 49661CD918E0D8DA007E5CE6 /* AudioToolbox.framework */; };
		49661CDC18E0D8DE007E5CE6 /* CFNetwork.framework in Frameworks */ = {isa = PBXBuildFile; fileRef = 49661CDB18E0D8DE007E5CE6 /* CFNetwork.framework */; };
		49661CDE18E0D8E8007E5CE6 /* CoreLocation.framework in Frameworks */ = {isa = PBXBuildFile; fileRef = 49661CDD18E0D8E8007E5CE6 /* CoreLocation.framework */; };
		49661CE018E0D8EE007E5CE6 /* libz.dylib in Frameworks */ = {isa = PBXBuildFile; fileRef = 49661CDF18E0D8EE007E5CE6 /* libz.dylib */; };
		49661CE218E0D8F3007E5CE6 /* MobileCoreServices.framework in Frameworks */ = {isa = PBXBuildFile; fileRef = 49661CE118E0D8F3007E5CE6 /* MobileCoreServices.framework */; };
		49661CE418E0D8F9007E5CE6 /* QuartzCore.framework in Frameworks */ = {isa = PBXBuildFile; fileRef = 49661CE318E0D8F9007E5CE6 /* QuartzCore.framework */; };
		49661CE618E0D8FD007E5CE6 /* Security.framework in Frameworks */ = {isa = PBXBuildFile; fileRef = 49661CE518E0D8FD007E5CE6 /* Security.framework */; };
		49661CE818E0D903007E5CE6 /* StoreKit.framework in Frameworks */ = {isa = PBXBuildFile; fileRef = 49661CE718E0D903007E5CE6 /* StoreKit.framework */; };
		49661CEA18E0D909007E5CE6 /* SystemConfiguration.framework in Frameworks */ = {isa = PBXBuildFile; fileRef = 49661CE918E0D909007E5CE6 /* SystemConfiguration.framework */; };
		499679FE18ECB8FD009CC8E8 /* MKAnnotationView+WebCache.m in Sources */ = {isa = PBXBuildFile; fileRef = 499679E218ECB8FD009CC8E8 /* MKAnnotationView+WebCache.m */; };
		499679FF18ECB8FD009CC8E8 /* NSData+ImageContentType.m in Sources */ = {isa = PBXBuildFile; fileRef = 499679E418ECB8FD009CC8E8 /* NSData+ImageContentType.m */; };
		49967A0018ECB8FD009CC8E8 /* SDImageCache.m in Sources */ = {isa = PBXBuildFile; fileRef = 499679E618ECB8FD009CC8E8 /* SDImageCache.m */; };
		49967A0118ECB8FD009CC8E8 /* SDWebImageCompat.m in Sources */ = {isa = PBXBuildFile; fileRef = 499679E818ECB8FD009CC8E8 /* SDWebImageCompat.m */; };
		49967A0218ECB8FD009CC8E8 /* SDWebImageDecoder.m in Sources */ = {isa = PBXBuildFile; fileRef = 499679EA18ECB8FD009CC8E8 /* SDWebImageDecoder.m */; };
		49967A0318ECB8FD009CC8E8 /* SDWebImageDownloader.m in Sources */ = {isa = PBXBuildFile; fileRef = 499679EC18ECB8FD009CC8E8 /* SDWebImageDownloader.m */; };
		49967A0418ECB8FD009CC8E8 /* SDWebImageDownloaderOperation.m in Sources */ = {isa = PBXBuildFile; fileRef = 499679EE18ECB8FD009CC8E8 /* SDWebImageDownloaderOperation.m */; };
		49967A0518ECB8FD009CC8E8 /* SDWebImageManager.m in Sources */ = {isa = PBXBuildFile; fileRef = 499679F018ECB8FD009CC8E8 /* SDWebImageManager.m */; };
		49967A0618ECB8FD009CC8E8 /* SDWebImagePrefetcher.m in Sources */ = {isa = PBXBuildFile; fileRef = 499679F318ECB8FD009CC8E8 /* SDWebImagePrefetcher.m */; };
		49967A0718ECB8FD009CC8E8 /* UIButton+WebCache.m in Sources */ = {isa = PBXBuildFile; fileRef = 499679F518ECB8FD009CC8E8 /* UIButton+WebCache.m */; };
		49967A0818ECB8FD009CC8E8 /* UIImage+GIF.m in Sources */ = {isa = PBXBuildFile; fileRef = 499679F718ECB8FD009CC8E8 /* UIImage+GIF.m */; };
		49967A0918ECB8FD009CC8E8 /* UIImage+MultiFormat.m in Sources */ = {isa = PBXBuildFile; fileRef = 499679F918ECB8FD009CC8E8 /* UIImage+MultiFormat.m */; };
		49967A0A18ECB8FD009CC8E8 /* UIImage+WebP.m in Sources */ = {isa = PBXBuildFile; fileRef = 499679FB18ECB8FD009CC8E8 /* UIImage+WebP.m */; };
		49967A0B18ECB8FD009CC8E8 /* UIImageView+WebCache.m in Sources */ = {isa = PBXBuildFile; fileRef = 499679FD18ECB8FD009CC8E8 /* UIImageView+WebCache.m */; };
		49967A2118ECC653009CC8E8 /* MeetingReasonViewController.m in Sources */ = {isa = PBXBuildFile; fileRef = 49967A2018ECC653009CC8E8 /* MeetingReasonViewController.m */; };
		49967A2418EDCBF0009CC8E8 /* LocationSuggestionsLookup.m in Sources */ = {isa = PBXBuildFile; fileRef = 49967A2318EDCBF0009CC8E8 /* LocationSuggestionsLookup.m */; };
		49967A2718EE0FD9009CC8E8 /* MeetingLocation.m in Sources */ = {isa = PBXBuildFile; fileRef = 49967A2618EE0FD9009CC8E8 /* MeetingLocation.m */; };
		49BD483B18E27BE600EAD526 /* ContactsCell.m in Sources */ = {isa = PBXBuildFile; fileRef = 49BD483A18E27BE600EAD526 /* ContactsCell.m */; };
		49FE6EE718E25B2400626238 /* CurrentUser.m in Sources */ = {isa = PBXBuildFile; fileRef = 49FE6EE618E25B2400626238 /* CurrentUser.m */; };
		49FE6EEA18E2721D00626238 /* Friend.m in Sources */ = {isa = PBXBuildFile; fileRef = 49FE6EE918E2721D00626238 /* Friend.m */; };
		4F265DA118F71D930052AD46 /* socialMediaController.m in Sources */ = {isa = PBXBuildFile; fileRef = 4F265DA018F71D930052AD46 /* socialMediaController.m */; };
		4F265DA418F71E7E0052AD46 /* SettingsRootController.m in Sources */ = {isa = PBXBuildFile; fileRef = 4F265DA318F71E7E0052AD46 /* SettingsRootController.m */; };
		4F2E136318EB407200716C2F /* Parse.framework in Frameworks */ = {isa = PBXBuildFile; fileRef = 4F2E136218EB407200716C2F /* Parse.framework */; };
		4F6985DC18F3841A005EC437 /* main.js in Sources */ = {isa = PBXBuildFile; fileRef = 4F6985DB18F3841A005EC437 /* main.js */; };
		4F6985E018F387C8005EC437 /* AcceptDeclineController.m in Sources */ = {isa = PBXBuildFile; fileRef = 4F6985DF18F387C8005EC437 /* AcceptDeclineController.m */; };
		4F6985E418F47514005EC437 /* MeetingObject.m in Sources */ = {isa = PBXBuildFile; fileRef = 4F6985E318F47514005EC437 /* MeetingObject.m */; };
		4F6985E718F4777D005EC437 /* PersonObject.m in Sources */ = {isa = PBXBuildFile; fileRef = 4F6985E618F4777D005EC437 /* PersonObject.m */; };
		4F6985EA18F47B45005EC437 /* ReasonObject.m in Sources */ = {isa = PBXBuildFile; fileRef = 4F6985E918F47B45005EC437 /* ReasonObject.m */; };
		4F6985EE18F47D0B005EC437 /* DataManager.m in Sources */ = {isa = PBXBuildFile; fileRef = 4F6985ED18F47D0B005EC437 /* DataManager.m */; };
		4FBA5D3718ECCD6800532689 /* HistoryViewController.m in Sources */ = {isa = PBXBuildFile; fileRef = 4FBA5D3618ECCD6800532689 /* HistoryViewController.m */; };
		4FD9A08818F8B0C600EB6574 /* FinalViewController.m in Sources */ = {isa = PBXBuildFile; fileRef = 4FD9A08718F8B0C600EB6574 /* FinalViewController.m */; };
		4FD9A08B18F9FD3800EB6574 /* GuestListController.m in Sources */ = {isa = PBXBuildFile; fileRef = 4FD9A08A18F9FD3800EB6574 /* GuestListController.m */; };
		4FD9A08E18FA0F8B00EB6574 /* GuestListCell.m in Sources */ = {isa = PBXBuildFile; fileRef = 4FD9A08D18FA0F8B00EB6574 /* GuestListCell.m */; };
		4FF9ACEE18DDEBA5008C9CC3 /* Foundation.framework in Frameworks */ = {isa = PBXBuildFile; fileRef = 4FF9ACED18DDEBA5008C9CC3 /* Foundation.framework */; };
		4FF9ACF018DDEBA5008C9CC3 /* CoreGraphics.framework in Frameworks */ = {isa = PBXBuildFile; fileRef = 4FF9ACEF18DDEBA5008C9CC3 /* CoreGraphics.framework */; };
		4FF9ACF218DDEBA5008C9CC3 /* UIKit.framework in Frameworks */ = {isa = PBXBuildFile; fileRef = 4FF9ACF118DDEBA5008C9CC3 /* UIKit.framework */; };
		4FF9ACF418DDEBA5008C9CC3 /* CoreData.framework in Frameworks */ = {isa = PBXBuildFile; fileRef = 4FF9ACF318DDEBA5008C9CC3 /* CoreData.framework */; };
		4FF9ACFA18DDEBA5008C9CC3 /* InfoPlist.strings in Resources */ = {isa = PBXBuildFile; fileRef = 4FF9ACF818DDEBA5008C9CC3 /* InfoPlist.strings */; };
		4FF9ACFC18DDEBA5008C9CC3 /* main.m in Sources */ = {isa = PBXBuildFile; fileRef = 4FF9ACFB18DDEBA5008C9CC3 /* main.m */; };
		4FF9AD0018DDEBA5008C9CC3 /* AppDelegate.m in Sources */ = {isa = PBXBuildFile; fileRef = 4FF9ACFF18DDEBA5008C9CC3 /* AppDelegate.m */; };
		4FF9AD0318DDEBA5008C9CC3 /* Rendezvous.xcdatamodeld in Sources */ = {isa = PBXBuildFile; fileRef = 4FF9AD0118DDEBA5008C9CC3 /* Rendezvous.xcdatamodeld */; };
		4FF9AD0518DDEBA5008C9CC3 /* Images.xcassets in Resources */ = {isa = PBXBuildFile; fileRef = 4FF9AD0418DDEBA5008C9CC3 /* Images.xcassets */; };
		4FF9AD0C18DDEBA5008C9CC3 /* XCTest.framework in Frameworks */ = {isa = PBXBuildFile; fileRef = 4FF9AD0B18DDEBA5008C9CC3 /* XCTest.framework */; };
		4FF9AD0D18DDEBA5008C9CC3 /* Foundation.framework in Frameworks */ = {isa = PBXBuildFile; fileRef = 4FF9ACED18DDEBA5008C9CC3 /* Foundation.framework */; };
		4FF9AD0E18DDEBA5008C9CC3 /* UIKit.framework in Frameworks */ = {isa = PBXBuildFile; fileRef = 4FF9ACF118DDEBA5008C9CC3 /* UIKit.framework */; };
		4FF9AD0F18DDEBA5008C9CC3 /* CoreData.framework in Frameworks */ = {isa = PBXBuildFile; fileRef = 4FF9ACF318DDEBA5008C9CC3 /* CoreData.framework */; };
		4FF9AD1718DDEBA5008C9CC3 /* InfoPlist.strings in Resources */ = {isa = PBXBuildFile; fileRef = 4FF9AD1518DDEBA5008C9CC3 /* InfoPlist.strings */; };
		4FF9AD1918DDEBA5008C9CC3 /* RendezvousTests.m in Sources */ = {isa = PBXBuildFile; fileRef = 4FF9AD1818DDEBA5008C9CC3 /* RendezvousTests.m */; };
		4FF9AD2618DDEBE5008C9CC3 /* Storyboard.storyboard in Resources */ = {isa = PBXBuildFile; fileRef = 4FF9AD2518DDEBE5008C9CC3 /* Storyboard.storyboard */; };
		4FF9AD2918DE0ADD008C9CC3 /* LoginViewController.m in Sources */ = {isa = PBXBuildFile; fileRef = 4FF9AD2818DE0ADD008C9CC3 /* LoginViewController.m */; };
		4FF9AD2C18DE0AF9008C9CC3 /* HomeViewController.m in Sources */ = {isa = PBXBuildFile; fileRef = 4FF9AD2B18DE0AF9008C9CC3 /* HomeViewController.m */; };
		4FF9AD2F18DE0B25008C9CC3 /* ContactsViewController.m in Sources */ = {isa = PBXBuildFile; fileRef = 4FF9AD2E18DE0B25008C9CC3 /* ContactsViewController.m */; };
		4FF9AD3218DE0B55008C9CC3 /* MeetingViewController.m in Sources */ = {isa = PBXBuildFile; fileRef = 4FF9AD3118DE0B55008C9CC3 /* MeetingViewController.m */; };
		4FF9AD3C18DF0A71008C9CC3 /* HomeCell.m in Sources */ = {isa = PBXBuildFile; fileRef = 4FF9AD3B18DF0A71008C9CC3 /* HomeCell.m */; };
		4FF9AD3F18DF2778008C9CC3 /* MapKit.framework in Frameworks */ = {isa = PBXBuildFile; fileRef = 4FF9AD3E18DF2778008C9CC3 /* MapKit.framework */; };
		4FF9AD4218DF27EC008C9CC3 /* LocationViewController.m in Sources */ = {isa = PBXBuildFile; fileRef = 4FF9AD4118DF27EC008C9CC3 /* LocationViewController.m */; };
		4FF9AD4618E2586F008C9CC3 /* FacebookSDK.framework in Frameworks */ = {isa = PBXBuildFile; fileRef = 4FF9AD4518E2586F008C9CC3 /* FacebookSDK.framework */; };
		4FF9AD4918E6FCBF008C9CC3 /* Meeting.m in Sources */ = {isa = PBXBuildFile; fileRef = 4FF9AD4818E6FCBF008C9CC3 /* Meeting.m */; };
/* End PBXBuildFile section */

/* Begin PBXContainerItemProxy section */
		4FF9AD1018DDEBA5008C9CC3 /* PBXContainerItemProxy */ = {
			isa = PBXContainerItemProxy;
			containerPortal = 4FF9ACE218DDEBA5008C9CC3 /* Project object */;
			proxyType = 1;
			remoteGlobalIDString = 4FF9ACE918DDEBA5008C9CC3;
			remoteInfo = Rendezvous;
		};
/* End PBXContainerItemProxy section */

/* Begin PBXFileReference section */
		4923A72618F77E79008A43FF /* placeholder.png */ = {isa = PBXFileReference; lastKnownFileType = image.png; path = placeholder.png; sourceTree = "<group>"; };
		492FEB3718F1D935008BABD1 /* NSMutableURLRequest+Parameters.h */ = {isa = PBXFileReference; fileEncoding = 4; lastKnownFileType = sourcecode.c.h; path = "NSMutableURLRequest+Parameters.h"; sourceTree = "<group>"; };
		492FEB3818F1D935008BABD1 /* NSMutableURLRequest+Parameters.m */ = {isa = PBXFileReference; fileEncoding = 4; lastKnownFileType = sourcecode.c.objc; path = "NSMutableURLRequest+Parameters.m"; sourceTree = "<group>"; };
		492FEB3918F1D935008BABD1 /* NSString+URLEncoding.h */ = {isa = PBXFileReference; fileEncoding = 4; lastKnownFileType = sourcecode.c.h; path = "NSString+URLEncoding.h"; sourceTree = "<group>"; };
		492FEB3A18F1D935008BABD1 /* NSString+URLEncoding.m */ = {isa = PBXFileReference; fileEncoding = 4; lastKnownFileType = sourcecode.c.objc; path = "NSString+URLEncoding.m"; sourceTree = "<group>"; };
		492FEB3B18F1D935008BABD1 /* NSURL+Base.h */ = {isa = PBXFileReference; fileEncoding = 4; lastKnownFileType = sourcecode.c.h; path = "NSURL+Base.h"; sourceTree = "<group>"; };
		492FEB3C18F1D935008BABD1 /* NSURL+Base.m */ = {isa = PBXFileReference; fileEncoding = 4; lastKnownFileType = sourcecode.c.objc; path = "NSURL+Base.m"; sourceTree = "<group>"; };
		492FEB3E18F1D935008BABD1 /* Base64Transcoder.c */ = {isa = PBXFileReference; fileEncoding = 4; lastKnownFileType = sourcecode.c.c; path = Base64Transcoder.c; sourceTree = "<group>"; };
		492FEB3F18F1D935008BABD1 /* Base64Transcoder.h */ = {isa = PBXFileReference; fileEncoding = 4; lastKnownFileType = sourcecode.c.h; path = Base64Transcoder.h; sourceTree = "<group>"; };
		492FEB4018F1D935008BABD1 /* hmac.c */ = {isa = PBXFileReference; fileEncoding = 4; lastKnownFileType = sourcecode.c.c; path = hmac.c; sourceTree = "<group>"; };
		492FEB4118F1D935008BABD1 /* hmac.h */ = {isa = PBXFileReference; fileEncoding = 4; lastKnownFileType = sourcecode.c.h; path = hmac.h; sourceTree = "<group>"; };
		492FEB4218F1D935008BABD1 /* sha1.c */ = {isa = PBXFileReference; fileEncoding = 4; lastKnownFileType = sourcecode.c.c; path = sha1.c; sourceTree = "<group>"; };
		492FEB4318F1D935008BABD1 /* sha1.h */ = {isa = PBXFileReference; fileEncoding = 4; lastKnownFileType = sourcecode.c.h; path = sha1.h; sourceTree = "<group>"; };
		492FEB4418F1D935008BABD1 /* OACall.h */ = {isa = PBXFileReference; fileEncoding = 4; lastKnownFileType = sourcecode.c.h; path = OACall.h; sourceTree = "<group>"; };
		492FEB4518F1D935008BABD1 /* OACall.m */ = {isa = PBXFileReference; fileEncoding = 4; lastKnownFileType = sourcecode.c.objc; path = OACall.m; sourceTree = "<group>"; };
		492FEB4618F1D935008BABD1 /* OAConsumer.h */ = {isa = PBXFileReference; fileEncoding = 4; lastKnownFileType = sourcecode.c.h; path = OAConsumer.h; sourceTree = "<group>"; };
		492FEB4718F1D935008BABD1 /* OAConsumer.m */ = {isa = PBXFileReference; fileEncoding = 4; lastKnownFileType = sourcecode.c.objc; path = OAConsumer.m; sourceTree = "<group>"; };
		492FEB4818F1D935008BABD1 /* OADataFetcher.h */ = {isa = PBXFileReference; fileEncoding = 4; lastKnownFileType = sourcecode.c.h; path = OADataFetcher.h; sourceTree = "<group>"; };
		492FEB4918F1D935008BABD1 /* OADataFetcher.m */ = {isa = PBXFileReference; fileEncoding = 4; lastKnownFileType = sourcecode.c.objc; path = OADataFetcher.m; sourceTree = "<group>"; };
		492FEB4A18F1D935008BABD1 /* OAHMAC_SHA1SignatureProvider.h */ = {isa = PBXFileReference; fileEncoding = 4; lastKnownFileType = sourcecode.c.h; path = OAHMAC_SHA1SignatureProvider.h; sourceTree = "<group>"; };
		492FEB4B18F1D935008BABD1 /* OAHMAC_SHA1SignatureProvider.m */ = {isa = PBXFileReference; fileEncoding = 4; lastKnownFileType = sourcecode.c.objc; path = OAHMAC_SHA1SignatureProvider.m; sourceTree = "<group>"; };
		492FEB4C18F1D935008BABD1 /* OAMutableURLRequest.h */ = {isa = PBXFileReference; fileEncoding = 4; lastKnownFileType = sourcecode.c.h; path = OAMutableURLRequest.h; sourceTree = "<group>"; };
		492FEB4D18F1D935008BABD1 /* OAMutableURLRequest.m */ = {isa = PBXFileReference; fileEncoding = 4; lastKnownFileType = sourcecode.c.objc; path = OAMutableURLRequest.m; sourceTree = "<group>"; };
		492FEB4E18F1D935008BABD1 /* OAPlaintextSignatureProvider.h */ = {isa = PBXFileReference; fileEncoding = 4; lastKnownFileType = sourcecode.c.h; path = OAPlaintextSignatureProvider.h; sourceTree = "<group>"; };
		492FEB4F18F1D935008BABD1 /* OAPlaintextSignatureProvider.m */ = {isa = PBXFileReference; fileEncoding = 4; lastKnownFileType = sourcecode.c.objc; path = OAPlaintextSignatureProvider.m; sourceTree = "<group>"; };
		492FEB5018F1D935008BABD1 /* OAProblem.h */ = {isa = PBXFileReference; fileEncoding = 4; lastKnownFileType = sourcecode.c.h; path = OAProblem.h; sourceTree = "<group>"; };
		492FEB5118F1D935008BABD1 /* OAProblem.m */ = {isa = PBXFileReference; fileEncoding = 4; lastKnownFileType = sourcecode.c.objc; path = OAProblem.m; sourceTree = "<group>"; };
		492FEB5218F1D935008BABD1 /* OARequestParameter.h */ = {isa = PBXFileReference; fileEncoding = 4; lastKnownFileType = sourcecode.c.h; path = OARequestParameter.h; sourceTree = "<group>"; };
		492FEB5318F1D935008BABD1 /* OARequestParameter.m */ = {isa = PBXFileReference; fileEncoding = 4; lastKnownFileType = sourcecode.c.objc; path = OARequestParameter.m; sourceTree = "<group>"; };
		492FEB5418F1D935008BABD1 /* OAServiceTicket.h */ = {isa = PBXFileReference; fileEncoding = 4; lastKnownFileType = sourcecode.c.h; path = OAServiceTicket.h; sourceTree = "<group>"; };
		492FEB5518F1D935008BABD1 /* OAServiceTicket.m */ = {isa = PBXFileReference; fileEncoding = 4; lastKnownFileType = sourcecode.c.objc; path = OAServiceTicket.m; sourceTree = "<group>"; };
		492FEB5618F1D935008BABD1 /* OASignatureProviding.h */ = {isa = PBXFileReference; fileEncoding = 4; lastKnownFileType = sourcecode.c.h; path = OASignatureProviding.h; sourceTree = "<group>"; };
		492FEB5718F1D935008BABD1 /* OAToken.h */ = {isa = PBXFileReference; fileEncoding = 4; lastKnownFileType = sourcecode.c.h; path = OAToken.h; sourceTree = "<group>"; };
		492FEB5818F1D935008BABD1 /* OAToken.m */ = {isa = PBXFileReference; fileEncoding = 4; lastKnownFileType = sourcecode.c.objc; path = OAToken.m; sourceTree = "<group>"; };
		492FEB5918F1D935008BABD1 /* OATokenManager.h */ = {isa = PBXFileReference; fileEncoding = 4; lastKnownFileType = sourcecode.c.h; path = OATokenManager.h; sourceTree = "<group>"; };
		492FEB5A18F1D935008BABD1 /* OATokenManager.m */ = {isa = PBXFileReference; fileEncoding = 4; lastKnownFileType = sourcecode.c.objc; path = OATokenManager.m; sourceTree = "<group>"; };
		492FEB5B18F1D935008BABD1 /* OAuthConsumer.h */ = {isa = PBXFileReference; fileEncoding = 4; lastKnownFileType = sourcecode.c.h; path = OAuthConsumer.h; sourceTree = "<group>"; };
		49445DAD18EF04F300525E66 /* LocationSuggestionCell.h */ = {isa = PBXFileReference; fileEncoding = 4; lastKnownFileType = sourcecode.c.h; path = LocationSuggestionCell.h; sourceTree = "<group>"; };
		49445DAE18EF04F300525E66 /* LocationSuggestionCell.m */ = {isa = PBXFileReference; fileEncoding = 4; lastKnownFileType = sourcecode.c.objc; path = LocationSuggestionCell.m; sourceTree = "<group>"; };
		49445DEA18EF1D1200525E66 /* libxml2.dylib */ = {isa = PBXFileReference; lastKnownFileType = "compiled.mach-o.dylib"; name = libxml2.dylib; path = usr/lib/libxml2.dylib; sourceTree = SDKROOT; };
		495269A518F992BF0065ED14 /* ObservableMutableArray.h */ = {isa = PBXFileReference; fileEncoding = 4; lastKnownFileType = sourcecode.c.h; path = ObservableMutableArray.h; sourceTree = "<group>"; };
		495269A618F992BF0065ED14 /* ObservableMutableArray.m */ = {isa = PBXFileReference; fileEncoding = 4; lastKnownFileType = sourcecode.c.objc; path = ObservableMutableArray.m; sourceTree = "<group>"; };
		49661CD918E0D8DA007E5CE6 /* AudioToolbox.framework */ = {isa = PBXFileReference; lastKnownFileType = wrapper.framework; name = AudioToolbox.framework; path = System/Library/Frameworks/AudioToolbox.framework; sourceTree = SDKROOT; };
		49661CDB18E0D8DE007E5CE6 /* CFNetwork.framework */ = {isa = PBXFileReference; lastKnownFileType = wrapper.framework; name = CFNetwork.framework; path = System/Library/Frameworks/CFNetwork.framework; sourceTree = SDKROOT; };
		49661CDD18E0D8E8007E5CE6 /* CoreLocation.framework */ = {isa = PBXFileReference; lastKnownFileType = wrapper.framework; name = CoreLocation.framework; path = System/Library/Frameworks/CoreLocation.framework; sourceTree = SDKROOT; };
		49661CDF18E0D8EE007E5CE6 /* libz.dylib */ = {isa = PBXFileReference; lastKnownFileType = "compiled.mach-o.dylib"; name = libz.dylib; path = usr/lib/libz.dylib; sourceTree = SDKROOT; };
		49661CE118E0D8F3007E5CE6 /* MobileCoreServices.framework */ = {isa = PBXFileReference; lastKnownFileType = wrapper.framework; name = MobileCoreServices.framework; path = System/Library/Frameworks/MobileCoreServices.framework; sourceTree = SDKROOT; };
		49661CE318E0D8F9007E5CE6 /* QuartzCore.framework */ = {isa = PBXFileReference; lastKnownFileType = wrapper.framework; name = QuartzCore.framework; path = System/Library/Frameworks/QuartzCore.framework; sourceTree = SDKROOT; };
		49661CE518E0D8FD007E5CE6 /* Security.framework */ = {isa = PBXFileReference; lastKnownFileType = wrapper.framework; name = Security.framework; path = System/Library/Frameworks/Security.framework; sourceTree = SDKROOT; };
		49661CE718E0D903007E5CE6 /* StoreKit.framework */ = {isa = PBXFileReference; lastKnownFileType = wrapper.framework; name = StoreKit.framework; path = System/Library/Frameworks/StoreKit.framework; sourceTree = SDKROOT; };
		49661CE918E0D909007E5CE6 /* SystemConfiguration.framework */ = {isa = PBXFileReference; lastKnownFileType = wrapper.framework; name = SystemConfiguration.framework; path = System/Library/Frameworks/SystemConfiguration.framework; sourceTree = SDKROOT; };
		499679E118ECB8FD009CC8E8 /* MKAnnotationView+WebCache.h */ = {isa = PBXFileReference; fileEncoding = 4; lastKnownFileType = sourcecode.c.h; path = "MKAnnotationView+WebCache.h"; sourceTree = "<group>"; };
		499679E218ECB8FD009CC8E8 /* MKAnnotationView+WebCache.m */ = {isa = PBXFileReference; fileEncoding = 4; lastKnownFileType = sourcecode.c.objc; path = "MKAnnotationView+WebCache.m"; sourceTree = "<group>"; };
		499679E318ECB8FD009CC8E8 /* NSData+ImageContentType.h */ = {isa = PBXFileReference; fileEncoding = 4; lastKnownFileType = sourcecode.c.h; path = "NSData+ImageContentType.h"; sourceTree = "<group>"; };
		499679E418ECB8FD009CC8E8 /* NSData+ImageContentType.m */ = {isa = PBXFileReference; fileEncoding = 4; lastKnownFileType = sourcecode.c.objc; path = "NSData+ImageContentType.m"; sourceTree = "<group>"; };
		499679E518ECB8FD009CC8E8 /* SDImageCache.h */ = {isa = PBXFileReference; fileEncoding = 4; lastKnownFileType = sourcecode.c.h; path = SDImageCache.h; sourceTree = "<group>"; };
		499679E618ECB8FD009CC8E8 /* SDImageCache.m */ = {isa = PBXFileReference; fileEncoding = 4; lastKnownFileType = sourcecode.c.objc; path = SDImageCache.m; sourceTree = "<group>"; };
		499679E718ECB8FD009CC8E8 /* SDWebImageCompat.h */ = {isa = PBXFileReference; fileEncoding = 4; lastKnownFileType = sourcecode.c.h; path = SDWebImageCompat.h; sourceTree = "<group>"; };
		499679E818ECB8FD009CC8E8 /* SDWebImageCompat.m */ = {isa = PBXFileReference; fileEncoding = 4; lastKnownFileType = sourcecode.c.objc; path = SDWebImageCompat.m; sourceTree = "<group>"; };
		499679E918ECB8FD009CC8E8 /* SDWebImageDecoder.h */ = {isa = PBXFileReference; fileEncoding = 4; lastKnownFileType = sourcecode.c.h; path = SDWebImageDecoder.h; sourceTree = "<group>"; };
		499679EA18ECB8FD009CC8E8 /* SDWebImageDecoder.m */ = {isa = PBXFileReference; fileEncoding = 4; lastKnownFileType = sourcecode.c.objc; path = SDWebImageDecoder.m; sourceTree = "<group>"; };
		499679EB18ECB8FD009CC8E8 /* SDWebImageDownloader.h */ = {isa = PBXFileReference; fileEncoding = 4; lastKnownFileType = sourcecode.c.h; path = SDWebImageDownloader.h; sourceTree = "<group>"; };
		499679EC18ECB8FD009CC8E8 /* SDWebImageDownloader.m */ = {isa = PBXFileReference; fileEncoding = 4; lastKnownFileType = sourcecode.c.objc; path = SDWebImageDownloader.m; sourceTree = "<group>"; };
		499679ED18ECB8FD009CC8E8 /* SDWebImageDownloaderOperation.h */ = {isa = PBXFileReference; fileEncoding = 4; lastKnownFileType = sourcecode.c.h; path = SDWebImageDownloaderOperation.h; sourceTree = "<group>"; };
		499679EE18ECB8FD009CC8E8 /* SDWebImageDownloaderOperation.m */ = {isa = PBXFileReference; fileEncoding = 4; lastKnownFileType = sourcecode.c.objc; path = SDWebImageDownloaderOperation.m; sourceTree = "<group>"; };
		499679EF18ECB8FD009CC8E8 /* SDWebImageManager.h */ = {isa = PBXFileReference; fileEncoding = 4; lastKnownFileType = sourcecode.c.h; path = SDWebImageManager.h; sourceTree = "<group>"; };
		499679F018ECB8FD009CC8E8 /* SDWebImageManager.m */ = {isa = PBXFileReference; fileEncoding = 4; lastKnownFileType = sourcecode.c.objc; path = SDWebImageManager.m; sourceTree = "<group>"; };
		499679F118ECB8FD009CC8E8 /* SDWebImageOperation.h */ = {isa = PBXFileReference; fileEncoding = 4; lastKnownFileType = sourcecode.c.h; path = SDWebImageOperation.h; sourceTree = "<group>"; };
		499679F218ECB8FD009CC8E8 /* SDWebImagePrefetcher.h */ = {isa = PBXFileReference; fileEncoding = 4; lastKnownFileType = sourcecode.c.h; path = SDWebImagePrefetcher.h; sourceTree = "<group>"; };
		499679F318ECB8FD009CC8E8 /* SDWebImagePrefetcher.m */ = {isa = PBXFileReference; fileEncoding = 4; lastKnownFileType = sourcecode.c.objc; path = SDWebImagePrefetcher.m; sourceTree = "<group>"; };
		499679F418ECB8FD009CC8E8 /* UIButton+WebCache.h */ = {isa = PBXFileReference; fileEncoding = 4; lastKnownFileType = sourcecode.c.h; path = "UIButton+WebCache.h"; sourceTree = "<group>"; };
		499679F518ECB8FD009CC8E8 /* UIButton+WebCache.m */ = {isa = PBXFileReference; fileEncoding = 4; lastKnownFileType = sourcecode.c.objc; path = "UIButton+WebCache.m"; sourceTree = "<group>"; };
		499679F618ECB8FD009CC8E8 /* UIImage+GIF.h */ = {isa = PBXFileReference; fileEncoding = 4; lastKnownFileType = sourcecode.c.h; path = "UIImage+GIF.h"; sourceTree = "<group>"; };
		499679F718ECB8FD009CC8E8 /* UIImage+GIF.m */ = {isa = PBXFileReference; fileEncoding = 4; lastKnownFileType = sourcecode.c.objc; path = "UIImage+GIF.m"; sourceTree = "<group>"; };
		499679F818ECB8FD009CC8E8 /* UIImage+MultiFormat.h */ = {isa = PBXFileReference; fileEncoding = 4; lastKnownFileType = sourcecode.c.h; path = "UIImage+MultiFormat.h"; sourceTree = "<group>"; };
		499679F918ECB8FD009CC8E8 /* UIImage+MultiFormat.m */ = {isa = PBXFileReference; fileEncoding = 4; lastKnownFileType = sourcecode.c.objc; path = "UIImage+MultiFormat.m"; sourceTree = "<group>"; };
		499679FA18ECB8FD009CC8E8 /* UIImage+WebP.h */ = {isa = PBXFileReference; fileEncoding = 4; lastKnownFileType = sourcecode.c.h; path = "UIImage+WebP.h"; sourceTree = "<group>"; };
		499679FB18ECB8FD009CC8E8 /* UIImage+WebP.m */ = {isa = PBXFileReference; fileEncoding = 4; lastKnownFileType = sourcecode.c.objc; path = "UIImage+WebP.m"; sourceTree = "<group>"; };
		499679FC18ECB8FD009CC8E8 /* UIImageView+WebCache.h */ = {isa = PBXFileReference; fileEncoding = 4; lastKnownFileType = sourcecode.c.h; path = "UIImageView+WebCache.h"; sourceTree = "<group>"; };
		499679FD18ECB8FD009CC8E8 /* UIImageView+WebCache.m */ = {isa = PBXFileReference; fileEncoding = 4; lastKnownFileType = sourcecode.c.objc; path = "UIImageView+WebCache.m"; sourceTree = "<group>"; };
		49967A1F18ECC653009CC8E8 /* MeetingReasonViewController.h */ = {isa = PBXFileReference; fileEncoding = 4; lastKnownFileType = sourcecode.c.h; path = MeetingReasonViewController.h; sourceTree = "<group>"; };
		49967A2018ECC653009CC8E8 /* MeetingReasonViewController.m */ = {isa = PBXFileReference; fileEncoding = 4; lastKnownFileType = sourcecode.c.objc; path = MeetingReasonViewController.m; sourceTree = "<group>"; };
		49967A2218EDCBF0009CC8E8 /* LocationSuggestionsLookup.h */ = {isa = PBXFileReference; fileEncoding = 4; lastKnownFileType = sourcecode.c.h; path = LocationSuggestionsLookup.h; sourceTree = "<group>"; };
		49967A2318EDCBF0009CC8E8 /* LocationSuggestionsLookup.m */ = {isa = PBXFileReference; fileEncoding = 4; lastKnownFileType = sourcecode.c.objc; path = LocationSuggestionsLookup.m; sourceTree = "<group>"; };
		49967A2518EE0FD9009CC8E8 /* MeetingLocation.h */ = {isa = PBXFileReference; fileEncoding = 4; lastKnownFileType = sourcecode.c.h; path = MeetingLocation.h; sourceTree = "<group>"; };
		49967A2618EE0FD9009CC8E8 /* MeetingLocation.m */ = {isa = PBXFileReference; fileEncoding = 4; lastKnownFileType = sourcecode.c.objc; path = MeetingLocation.m; sourceTree = "<group>"; };
		49BD483918E27BE600EAD526 /* ContactsCell.h */ = {isa = PBXFileReference; fileEncoding = 4; lastKnownFileType = sourcecode.c.h; path = ContactsCell.h; sourceTree = "<group>"; };
		49BD483A18E27BE600EAD526 /* ContactsCell.m */ = {isa = PBXFileReference; fileEncoding = 4; lastKnownFileType = sourcecode.c.objc; path = ContactsCell.m; sourceTree = "<group>"; };
		49FE6EE518E25B2400626238 /* CurrentUser.h */ = {isa = PBXFileReference; fileEncoding = 4; lastKnownFileType = sourcecode.c.h; path = CurrentUser.h; sourceTree = "<group>"; };
		49FE6EE618E25B2400626238 /* CurrentUser.m */ = {isa = PBXFileReference; fileEncoding = 4; lastKnownFileType = sourcecode.c.objc; path = CurrentUser.m; sourceTree = "<group>"; };
		49FE6EE818E2721D00626238 /* Friend.h */ = {isa = PBXFileReference; fileEncoding = 4; lastKnownFileType = sourcecode.c.h; path = Friend.h; sourceTree = "<group>"; };
		49FE6EE918E2721D00626238 /* Friend.m */ = {isa = PBXFileReference; fileEncoding = 4; lastKnownFileType = sourcecode.c.objc; path = Friend.m; sourceTree = "<group>"; };
		4F265D9F18F71D930052AD46 /* socialMediaController.h */ = {isa = PBXFileReference; fileEncoding = 4; lastKnownFileType = sourcecode.c.h; path = socialMediaController.h; sourceTree = "<group>"; };
		4F265DA018F71D930052AD46 /* socialMediaController.m */ = {isa = PBXFileReference; fileEncoding = 4; lastKnownFileType = sourcecode.c.objc; path = socialMediaController.m; sourceTree = "<group>"; };
		4F265DA218F71E7E0052AD46 /* SettingsRootController.h */ = {isa = PBXFileReference; fileEncoding = 4; lastKnownFileType = sourcecode.c.h; path = SettingsRootController.h; sourceTree = "<group>"; };
		4F265DA318F71E7E0052AD46 /* SettingsRootController.m */ = {isa = PBXFileReference; fileEncoding = 4; lastKnownFileType = sourcecode.c.objc; path = SettingsRootController.m; sourceTree = "<group>"; };
		4F2E136218EB407200716C2F /* Parse.framework */ = {isa = PBXFileReference; lastKnownFileType = wrapper.framework; path = Parse.framework; sourceTree = "<group>"; };
		4F6985DB18F3841A005EC437 /* main.js */ = {isa = PBXFileReference; fileEncoding = 4; lastKnownFileType = sourcecode.javascript; path = main.js; sourceTree = "<group>"; };
		4F6985DE18F387C8005EC437 /* AcceptDeclineController.h */ = {isa = PBXFileReference; fileEncoding = 4; lastKnownFileType = sourcecode.c.h; path = AcceptDeclineController.h; sourceTree = "<group>"; };
		4F6985DF18F387C8005EC437 /* AcceptDeclineController.m */ = {isa = PBXFileReference; fileEncoding = 4; lastKnownFileType = sourcecode.c.objc; path = AcceptDeclineController.m; sourceTree = "<group>"; };
		4F6985E218F47514005EC437 /* MeetingObject.h */ = {isa = PBXFileReference; fileEncoding = 4; lastKnownFileType = sourcecode.c.h; path = MeetingObject.h; sourceTree = "<group>"; };
		4F6985E318F47514005EC437 /* MeetingObject.m */ = {isa = PBXFileReference; fileEncoding = 4; lastKnownFileType = sourcecode.c.objc; path = MeetingObject.m; sourceTree = "<group>"; };
		4F6985E518F4777D005EC437 /* PersonObject.h */ = {isa = PBXFileReference; fileEncoding = 4; lastKnownFileType = sourcecode.c.h; path = PersonObject.h; sourceTree = "<group>"; };
		4F6985E618F4777D005EC437 /* PersonObject.m */ = {isa = PBXFileReference; fileEncoding = 4; lastKnownFileType = sourcecode.c.objc; path = PersonObject.m; sourceTree = "<group>"; };
		4F6985E818F47B45005EC437 /* ReasonObject.h */ = {isa = PBXFileReference; fileEncoding = 4; lastKnownFileType = sourcecode.c.h; path = ReasonObject.h; sourceTree = "<group>"; };
		4F6985E918F47B45005EC437 /* ReasonObject.m */ = {isa = PBXFileReference; fileEncoding = 4; lastKnownFileType = sourcecode.c.objc; path = ReasonObject.m; sourceTree = "<group>"; };
		4F6985EC18F47D0B005EC437 /* DataManager.h */ = {isa = PBXFileReference; fileEncoding = 4; lastKnownFileType = sourcecode.c.h; path = DataManager.h; sourceTree = "<group>"; };
		4F6985ED18F47D0B005EC437 /* DataManager.m */ = {isa = PBXFileReference; fileEncoding = 4; lastKnownFileType = sourcecode.c.objc; path = DataManager.m; sourceTree = "<group>"; };
		4FBA5D3518ECCD6800532689 /* HistoryViewController.h */ = {isa = PBXFileReference; fileEncoding = 4; lastKnownFileType = sourcecode.c.h; path = HistoryViewController.h; sourceTree = "<group>"; };
		4FBA5D3618ECCD6800532689 /* HistoryViewController.m */ = {isa = PBXFileReference; fileEncoding = 4; lastKnownFileType = sourcecode.c.objc; path = HistoryViewController.m; sourceTree = "<group>"; };
		4FD9A08618F8B0C600EB6574 /* FinalViewController.h */ = {isa = PBXFileReference; fileEncoding = 4; lastKnownFileType = sourcecode.c.h; path = FinalViewController.h; sourceTree = "<group>"; };
		4FD9A08718F8B0C600EB6574 /* FinalViewController.m */ = {isa = PBXFileReference; fileEncoding = 4; lastKnownFileType = sourcecode.c.objc; path = FinalViewController.m; sourceTree = "<group>"; };
		4FD9A08918F9FD3800EB6574 /* GuestListController.h */ = {isa = PBXFileReference; fileEncoding = 4; lastKnownFileType = sourcecode.c.h; path = GuestListController.h; sourceTree = "<group>"; };
		4FD9A08A18F9FD3800EB6574 /* GuestListController.m */ = {isa = PBXFileReference; fileEncoding = 4; lastKnownFileType = sourcecode.c.objc; path = GuestListController.m; sourceTree = "<group>"; };
		4FD9A08C18FA0F8B00EB6574 /* GuestListCell.h */ = {isa = PBXFileReference; fileEncoding = 4; lastKnownFileType = sourcecode.c.h; path = GuestListCell.h; sourceTree = "<group>"; };
		4FD9A08D18FA0F8B00EB6574 /* GuestListCell.m */ = {isa = PBXFileReference; fileEncoding = 4; lastKnownFileType = sourcecode.c.objc; path = GuestListCell.m; sourceTree = "<group>"; };
		4FF9ACEA18DDEBA5008C9CC3 /* Rendezvous.app */ = {isa = PBXFileReference; explicitFileType = wrapper.application; includeInIndex = 0; path = Rendezvous.app; sourceTree = BUILT_PRODUCTS_DIR; };
		4FF9ACED18DDEBA5008C9CC3 /* Foundation.framework */ = {isa = PBXFileReference; lastKnownFileType = wrapper.framework; name = Foundation.framework; path = System/Library/Frameworks/Foundation.framework; sourceTree = SDKROOT; };
		4FF9ACEF18DDEBA5008C9CC3 /* CoreGraphics.framework */ = {isa = PBXFileReference; lastKnownFileType = wrapper.framework; name = CoreGraphics.framework; path = System/Library/Frameworks/CoreGraphics.framework; sourceTree = SDKROOT; };
		4FF9ACF118DDEBA5008C9CC3 /* UIKit.framework */ = {isa = PBXFileReference; lastKnownFileType = wrapper.framework; name = UIKit.framework; path = System/Library/Frameworks/UIKit.framework; sourceTree = SDKROOT; };
		4FF9ACF318DDEBA5008C9CC3 /* CoreData.framework */ = {isa = PBXFileReference; lastKnownFileType = wrapper.framework; name = CoreData.framework; path = System/Library/Frameworks/CoreData.framework; sourceTree = SDKROOT; };
		4FF9ACF718DDEBA5008C9CC3 /* Rendezvous-Info.plist */ = {isa = PBXFileReference; lastKnownFileType = text.plist.xml; path = "Rendezvous-Info.plist"; sourceTree = "<group>"; };
		4FF9ACF918DDEBA5008C9CC3 /* en */ = {isa = PBXFileReference; lastKnownFileType = text.plist.strings; name = en; path = en.lproj/InfoPlist.strings; sourceTree = "<group>"; };
		4FF9ACFB18DDEBA5008C9CC3 /* main.m */ = {isa = PBXFileReference; lastKnownFileType = sourcecode.c.objc; path = main.m; sourceTree = "<group>"; };
		4FF9ACFD18DDEBA5008C9CC3 /* Rendezvous-Prefix.pch */ = {isa = PBXFileReference; lastKnownFileType = sourcecode.c.h; path = "Rendezvous-Prefix.pch"; sourceTree = "<group>"; };
		4FF9ACFE18DDEBA5008C9CC3 /* AppDelegate.h */ = {isa = PBXFileReference; lastKnownFileType = sourcecode.c.h; path = AppDelegate.h; sourceTree = "<group>"; };
		4FF9ACFF18DDEBA5008C9CC3 /* AppDelegate.m */ = {isa = PBXFileReference; lastKnownFileType = sourcecode.c.objc; path = AppDelegate.m; sourceTree = "<group>"; };
		4FF9AD0218DDEBA5008C9CC3 /* Rendezvous.xcdatamodel */ = {isa = PBXFileReference; lastKnownFileType = wrapper.xcdatamodel; path = Rendezvous.xcdatamodel; sourceTree = "<group>"; };
		4FF9AD0418DDEBA5008C9CC3 /* Images.xcassets */ = {isa = PBXFileReference; lastKnownFileType = folder.assetcatalog; path = Images.xcassets; sourceTree = "<group>"; };
		4FF9AD0A18DDEBA5008C9CC3 /* RendezvousTests.xctest */ = {isa = PBXFileReference; explicitFileType = wrapper.cfbundle; includeInIndex = 0; path = RendezvousTests.xctest; sourceTree = BUILT_PRODUCTS_DIR; };
		4FF9AD0B18DDEBA5008C9CC3 /* XCTest.framework */ = {isa = PBXFileReference; lastKnownFileType = wrapper.framework; name = XCTest.framework; path = Library/Frameworks/XCTest.framework; sourceTree = DEVELOPER_DIR; };
		4FF9AD1418DDEBA5008C9CC3 /* RendezvousTests-Info.plist */ = {isa = PBXFileReference; lastKnownFileType = text.plist.xml; path = "RendezvousTests-Info.plist"; sourceTree = "<group>"; };
		4FF9AD1618DDEBA5008C9CC3 /* en */ = {isa = PBXFileReference; lastKnownFileType = text.plist.strings; name = en; path = en.lproj/InfoPlist.strings; sourceTree = "<group>"; };
		4FF9AD1818DDEBA5008C9CC3 /* RendezvousTests.m */ = {isa = PBXFileReference; lastKnownFileType = sourcecode.c.objc; path = RendezvousTests.m; sourceTree = "<group>"; };
		4FF9AD2518DDEBE5008C9CC3 /* Storyboard.storyboard */ = {isa = PBXFileReference; fileEncoding = 4; lastKnownFileType = file.storyboard; name = Storyboard.storyboard; path = ../Storyboard.storyboard; sourceTree = "<group>"; };
		4FF9AD2718DE0ADD008C9CC3 /* LoginViewController.h */ = {isa = PBXFileReference; fileEncoding = 4; lastKnownFileType = sourcecode.c.h; path = LoginViewController.h; sourceTree = "<group>"; };
		4FF9AD2818DE0ADD008C9CC3 /* LoginViewController.m */ = {isa = PBXFileReference; fileEncoding = 4; lastKnownFileType = sourcecode.c.objc; path = LoginViewController.m; sourceTree = "<group>"; };
		4FF9AD2A18DE0AF9008C9CC3 /* HomeViewController.h */ = {isa = PBXFileReference; fileEncoding = 4; lastKnownFileType = sourcecode.c.h; path = HomeViewController.h; sourceTree = "<group>"; };
		4FF9AD2B18DE0AF9008C9CC3 /* HomeViewController.m */ = {isa = PBXFileReference; fileEncoding = 4; lastKnownFileType = sourcecode.c.objc; path = HomeViewController.m; sourceTree = "<group>"; };
		4FF9AD2D18DE0B25008C9CC3 /* ContactsViewController.h */ = {isa = PBXFileReference; fileEncoding = 4; lastKnownFileType = sourcecode.c.h; path = ContactsViewController.h; sourceTree = "<group>"; };
		4FF9AD2E18DE0B25008C9CC3 /* ContactsViewController.m */ = {isa = PBXFileReference; fileEncoding = 4; lastKnownFileType = sourcecode.c.objc; path = ContactsViewController.m; sourceTree = "<group>"; };
		4FF9AD3018DE0B55008C9CC3 /* MeetingViewController.h */ = {isa = PBXFileReference; fileEncoding = 4; lastKnownFileType = sourcecode.c.h; path = MeetingViewController.h; sourceTree = "<group>"; };
		4FF9AD3118DE0B55008C9CC3 /* MeetingViewController.m */ = {isa = PBXFileReference; fileEncoding = 4; lastKnownFileType = sourcecode.c.objc; path = MeetingViewController.m; sourceTree = "<group>"; };
		4FF9AD3A18DF0A71008C9CC3 /* HomeCell.h */ = {isa = PBXFileReference; fileEncoding = 4; lastKnownFileType = sourcecode.c.h; path = HomeCell.h; sourceTree = "<group>"; };
		4FF9AD3B18DF0A71008C9CC3 /* HomeCell.m */ = {isa = PBXFileReference; fileEncoding = 4; lastKnownFileType = sourcecode.c.objc; path = HomeCell.m; sourceTree = "<group>"; };
		4FF9AD3E18DF2778008C9CC3 /* MapKit.framework */ = {isa = PBXFileReference; lastKnownFileType = wrapper.framework; name = MapKit.framework; path = System/Library/Frameworks/MapKit.framework; sourceTree = SDKROOT; };
		4FF9AD4018DF27EC008C9CC3 /* LocationViewController.h */ = {isa = PBXFileReference; fileEncoding = 4; lastKnownFileType = sourcecode.c.h; path = LocationViewController.h; sourceTree = "<group>"; };
		4FF9AD4118DF27EC008C9CC3 /* LocationViewController.m */ = {isa = PBXFileReference; fileEncoding = 4; lastKnownFileType = sourcecode.c.objc; path = LocationViewController.m; sourceTree = "<group>"; };
		4FF9AD4518E2586F008C9CC3 /* FacebookSDK.framework */ = {isa = PBXFileReference; lastKnownFileType = wrapper.framework; path = FacebookSDK.framework; sourceTree = "<group>"; };
		4FF9AD4718E6FCBF008C9CC3 /* Meeting.h */ = {isa = PBXFileReference; fileEncoding = 4; lastKnownFileType = sourcecode.c.h; path = Meeting.h; sourceTree = "<group>"; };
		4FF9AD4818E6FCBF008C9CC3 /* Meeting.m */ = {isa = PBXFileReference; fileEncoding = 4; lastKnownFileType = sourcecode.c.objc; path = Meeting.m; sourceTree = "<group>"; };
/* End PBXFileReference section */

/* Begin PBXFrameworksBuildPhase section */
		4FF9ACE718DDEBA5008C9CC3 /* Frameworks */ = {
			isa = PBXFrameworksBuildPhase;
			buildActionMask = 2147483647;
			files = (
				49445DEB18EF1D1200525E66 /* libxml2.dylib in Frameworks */,
				49661CEA18E0D909007E5CE6 /* SystemConfiguration.framework in Frameworks */,
				49661CE818E0D903007E5CE6 /* StoreKit.framework in Frameworks */,
				49661CE618E0D8FD007E5CE6 /* Security.framework in Frameworks */,
				49661CE418E0D8F9007E5CE6 /* QuartzCore.framework in Frameworks */,
				49661CE218E0D8F3007E5CE6 /* MobileCoreServices.framework in Frameworks */,
				49661CE018E0D8EE007E5CE6 /* libz.dylib in Frameworks */,
				4F2E136318EB407200716C2F /* Parse.framework in Frameworks */,
				49661CDE18E0D8E8007E5CE6 /* CoreLocation.framework in Frameworks */,
				4FF9AD4618E2586F008C9CC3 /* FacebookSDK.framework in Frameworks */,
				4FF9ACF018DDEBA5008C9CC3 /* CoreGraphics.framework in Frameworks */,
				49661CDC18E0D8DE007E5CE6 /* CFNetwork.framework in Frameworks */,
				49661CDA18E0D8DA007E5CE6 /* AudioToolbox.framework in Frameworks */,
				4FF9ACF418DDEBA5008C9CC3 /* CoreData.framework in Frameworks */,
				4FF9AD3F18DF2778008C9CC3 /* MapKit.framework in Frameworks */,
				4FF9ACF218DDEBA5008C9CC3 /* UIKit.framework in Frameworks */,
				4FF9ACEE18DDEBA5008C9CC3 /* Foundation.framework in Frameworks */,
			);
			runOnlyForDeploymentPostprocessing = 0;
		};
		4FF9AD0718DDEBA5008C9CC3 /* Frameworks */ = {
			isa = PBXFrameworksBuildPhase;
			buildActionMask = 2147483647;
			files = (
				4FF9AD0C18DDEBA5008C9CC3 /* XCTest.framework in Frameworks */,
				4FF9AD0F18DDEBA5008C9CC3 /* CoreData.framework in Frameworks */,
				4FF9AD0E18DDEBA5008C9CC3 /* UIKit.framework in Frameworks */,
				4FF9AD0D18DDEBA5008C9CC3 /* Foundation.framework in Frameworks */,
			);
			runOnlyForDeploymentPostprocessing = 0;
		};
/* End PBXFrameworksBuildPhase section */

/* Begin PBXGroup section */
		492FEB3518F1D935008BABD1 /* OAuthConsumer */ = {
			isa = PBXGroup;
			children = (
				492FEB3618F1D935008BABD1 /* Categories */,
				492FEB3D18F1D935008BABD1 /* Crytpo */,
				492FEB4418F1D935008BABD1 /* OACall.h */,
				492FEB4518F1D935008BABD1 /* OACall.m */,
				492FEB4618F1D935008BABD1 /* OAConsumer.h */,
				492FEB4718F1D935008BABD1 /* OAConsumer.m */,
				492FEB4818F1D935008BABD1 /* OADataFetcher.h */,
				492FEB4918F1D935008BABD1 /* OADataFetcher.m */,
				492FEB4A18F1D935008BABD1 /* OAHMAC_SHA1SignatureProvider.h */,
				492FEB4B18F1D935008BABD1 /* OAHMAC_SHA1SignatureProvider.m */,
				492FEB4C18F1D935008BABD1 /* OAMutableURLRequest.h */,
				492FEB4D18F1D935008BABD1 /* OAMutableURLRequest.m */,
				492FEB4E18F1D935008BABD1 /* OAPlaintextSignatureProvider.h */,
				492FEB4F18F1D935008BABD1 /* OAPlaintextSignatureProvider.m */,
				492FEB5018F1D935008BABD1 /* OAProblem.h */,
				492FEB5118F1D935008BABD1 /* OAProblem.m */,
				492FEB5218F1D935008BABD1 /* OARequestParameter.h */,
				492FEB5318F1D935008BABD1 /* OARequestParameter.m */,
				492FEB5418F1D935008BABD1 /* OAServiceTicket.h */,
				492FEB5518F1D935008BABD1 /* OAServiceTicket.m */,
				492FEB5618F1D935008BABD1 /* OASignatureProviding.h */,
				492FEB5718F1D935008BABD1 /* OAToken.h */,
				492FEB5818F1D935008BABD1 /* OAToken.m */,
				492FEB5918F1D935008BABD1 /* OATokenManager.h */,
				492FEB5A18F1D935008BABD1 /* OATokenManager.m */,
				492FEB5B18F1D935008BABD1 /* OAuthConsumer.h */,
			);
			path = OAuthConsumer;
			sourceTree = "<group>";
		};
		492FEB3618F1D935008BABD1 /* Categories */ = {
			isa = PBXGroup;
			children = (
				492FEB3718F1D935008BABD1 /* NSMutableURLRequest+Parameters.h */,
				492FEB3818F1D935008BABD1 /* NSMutableURLRequest+Parameters.m */,
				492FEB3918F1D935008BABD1 /* NSString+URLEncoding.h */,
				492FEB3A18F1D935008BABD1 /* NSString+URLEncoding.m */,
				492FEB3B18F1D935008BABD1 /* NSURL+Base.h */,
				492FEB3C18F1D935008BABD1 /* NSURL+Base.m */,
			);
			path = Categories;
			sourceTree = "<group>";
		};
		492FEB3D18F1D935008BABD1 /* Crytpo */ = {
			isa = PBXGroup;
			children = (
				492FEB3E18F1D935008BABD1 /* Base64Transcoder.c */,
				492FEB3F18F1D935008BABD1 /* Base64Transcoder.h */,
				492FEB4018F1D935008BABD1 /* hmac.c */,
				492FEB4118F1D935008BABD1 /* hmac.h */,
				492FEB4218F1D935008BABD1 /* sha1.c */,
				492FEB4318F1D935008BABD1 /* sha1.h */,
			);
			path = Crytpo;
			sourceTree = "<group>";
		};
		492FEB6D18F1DA5F008BABD1 /* User Models */ = {
			isa = PBXGroup;
			children = (
				49FE6EE518E25B2400626238 /* CurrentUser.h */,
				49FE6EE618E25B2400626238 /* CurrentUser.m */,
				49FE6EE818E2721D00626238 /* Friend.h */,
				49FE6EE918E2721D00626238 /* Friend.m */,
			);
			name = "User Models";
			sourceTree = "<group>";
		};
		492FEB6E18F1DA65008BABD1 /* Meeting Models */ = {
			isa = PBXGroup;
			children = (
				4FF9AD4718E6FCBF008C9CC3 /* Meeting.h */,
				4FF9AD4818E6FCBF008C9CC3 /* Meeting.m */,
				49967A2218EDCBF0009CC8E8 /* LocationSuggestionsLookup.h */,
				49967A2318EDCBF0009CC8E8 /* LocationSuggestionsLookup.m */,
				49967A2518EE0FD9009CC8E8 /* MeetingLocation.h */,
				49967A2618EE0FD9009CC8E8 /* MeetingLocation.m */,
				495269A518F992BF0065ED14 /* ObservableMutableArray.h */,
				495269A618F992BF0065ED14 /* ObservableMutableArray.m */,
			);
			name = "Meeting Models";
			sourceTree = "<group>";
		};
		499679E018ECB8FD009CC8E8 /* SDWebImage */ = {
			isa = PBXGroup;
			children = (
				499679E118ECB8FD009CC8E8 /* MKAnnotationView+WebCache.h */,
				499679E218ECB8FD009CC8E8 /* MKAnnotationView+WebCache.m */,
				499679E318ECB8FD009CC8E8 /* NSData+ImageContentType.h */,
				499679E418ECB8FD009CC8E8 /* NSData+ImageContentType.m */,
				499679E518ECB8FD009CC8E8 /* SDImageCache.h */,
				499679E618ECB8FD009CC8E8 /* SDImageCache.m */,
				499679E718ECB8FD009CC8E8 /* SDWebImageCompat.h */,
				499679E818ECB8FD009CC8E8 /* SDWebImageCompat.m */,
				499679E918ECB8FD009CC8E8 /* SDWebImageDecoder.h */,
				499679EA18ECB8FD009CC8E8 /* SDWebImageDecoder.m */,
				499679EB18ECB8FD009CC8E8 /* SDWebImageDownloader.h */,
				499679EC18ECB8FD009CC8E8 /* SDWebImageDownloader.m */,
				499679ED18ECB8FD009CC8E8 /* SDWebImageDownloaderOperation.h */,
				499679EE18ECB8FD009CC8E8 /* SDWebImageDownloaderOperation.m */,
				499679EF18ECB8FD009CC8E8 /* SDWebImageManager.h */,
				499679F018ECB8FD009CC8E8 /* SDWebImageManager.m */,
				499679F118ECB8FD009CC8E8 /* SDWebImageOperation.h */,
				499679F218ECB8FD009CC8E8 /* SDWebImagePrefetcher.h */,
				499679F318ECB8FD009CC8E8 /* SDWebImagePrefetcher.m */,
				499679F418ECB8FD009CC8E8 /* UIButton+WebCache.h */,
				499679F518ECB8FD009CC8E8 /* UIButton+WebCache.m */,
				499679F618ECB8FD009CC8E8 /* UIImage+GIF.h */,
				499679F718ECB8FD009CC8E8 /* UIImage+GIF.m */,
				499679F818ECB8FD009CC8E8 /* UIImage+MultiFormat.h */,
				499679F918ECB8FD009CC8E8 /* UIImage+MultiFormat.m */,
				499679FA18ECB8FD009CC8E8 /* UIImage+WebP.h */,
				499679FB18ECB8FD009CC8E8 /* UIImage+WebP.m */,
				499679FC18ECB8FD009CC8E8 /* UIImageView+WebCache.h */,
				499679FD18ECB8FD009CC8E8 /* UIImageView+WebCache.m */,
			);
			path = SDWebImage;
			sourceTree = "<group>";
		};
		49967A1E18ECC61D009CC8E8 /* MeetingReasonView */ = {
			isa = PBXGroup;
			children = (
				49967A1F18ECC653009CC8E8 /* MeetingReasonViewController.h */,
				49967A2018ECC653009CC8E8 /* MeetingReasonViewController.m */,
			);
			name = MeetingReasonView;
			sourceTree = "<group>";
		};
		49BD483C18E2B1FE00EAD526 /* ContactsView */ = {
			isa = PBXGroup;
			children = (
				4FF9AD2D18DE0B25008C9CC3 /* ContactsViewController.h */,
				4FF9AD2E18DE0B25008C9CC3 /* ContactsViewController.m */,
			);
			name = ContactsView;
			sourceTree = "<group>";
		};
		49CE21FB18F331790026EB40 /* Libraries */ = {
			isa = PBXGroup;
			children = (
				492FEB3518F1D935008BABD1 /* OAuthConsumer */,
				499679E018ECB8FD009CC8E8 /* SDWebImage */,
			);
			name = Libraries;
			sourceTree = "<group>";
		};
		49ECB00D18E11F7E003C960D /* LoginView */ = {
			isa = PBXGroup;
			children = (
				4FF9AD2718DE0ADD008C9CC3 /* LoginViewController.h */,
				4FF9AD2818DE0ADD008C9CC3 /* LoginViewController.m */,
			);
			name = LoginView;
			sourceTree = "<group>";
		};
		4F2E136418F34EE600716C2F /* js */ = {
			isa = PBXGroup;
			children = (
				4F6985DB18F3841A005EC437 /* main.js */,
			);
			path = js;
			sourceTree = "<group>";
		};
		4F6985DD18F3875D005EC437 /* AcceptDeclineView */ = {
			isa = PBXGroup;
			children = (
				4F6985DE18F387C8005EC437 /* AcceptDeclineController.h */,
				4F6985DF18F387C8005EC437 /* AcceptDeclineController.m */,
			);
			name = AcceptDeclineView;
			sourceTree = "<group>";
		};
		4F6985E118F474E8005EC437 /* New CoreData Model */ = {
			isa = PBXGroup;
			children = (
				4F6985EC18F47D0B005EC437 /* DataManager.h */,
				4F6985ED18F47D0B005EC437 /* DataManager.m */,
				4F6985EB18F47CE5005EC437 /* Managed Objects */,
			);
			name = "New CoreData Model";
			sourceTree = "<group>";
		};
		4F6985EB18F47CE5005EC437 /* Managed Objects */ = {
			isa = PBXGroup;
			children = (
				4F6985E218F47514005EC437 /* MeetingObject.h */,
				4F6985E318F47514005EC437 /* MeetingObject.m */,
				4F6985E518F4777D005EC437 /* PersonObject.h */,
				4F6985E618F4777D005EC437 /* PersonObject.m */,
				4F6985E818F47B45005EC437 /* ReasonObject.h */,
				4F6985E918F47B45005EC437 /* ReasonObject.m */,
			);
			name = "Managed Objects";
			sourceTree = "<group>";
		};
		4FD9A08518F8B07500EB6574 /* FinalView */ = {
			isa = PBXGroup;
			children = (
				4FD9A08618F8B0C600EB6574 /* FinalViewController.h */,
				4FD9A08718F8B0C600EB6574 /* FinalViewController.m */,
			);
			name = FinalView;
			sourceTree = "<group>";
		};
		4FF9ACE118DDEBA5008C9CC3 = {
			isa = PBXGroup;
			children = (
				4F2E136418F34EE600716C2F /* js */,
				4FF9ACF518DDEBA5008C9CC3 /* Rendezvous */,
				4FF9AD1218DDEBA5008C9CC3 /* RendezvousTests */,
				4FF9ACEC18DDEBA5008C9CC3 /* Frameworks */,
				4FF9ACEB18DDEBA5008C9CC3 /* Products */,
			);
			sourceTree = "<group>";
		};
		4FF9ACEB18DDEBA5008C9CC3 /* Products */ = {
			isa = PBXGroup;
			children = (
				4FF9ACEA18DDEBA5008C9CC3 /* Rendezvous.app */,
				4FF9AD0A18DDEBA5008C9CC3 /* RendezvousTests.xctest */,
			);
			name = Products;
			sourceTree = "<group>";
		};
		4FF9ACEC18DDEBA5008C9CC3 /* Frameworks */ = {
			isa = PBXGroup;
			children = (
				49445DEA18EF1D1200525E66 /* libxml2.dylib */,
				49661CE918E0D909007E5CE6 /* SystemConfiguration.framework */,
				49661CE718E0D903007E5CE6 /* StoreKit.framework */,
				49661CE518E0D8FD007E5CE6 /* Security.framework */,
				49661CE318E0D8F9007E5CE6 /* QuartzCore.framework */,
				49661CE118E0D8F3007E5CE6 /* MobileCoreServices.framework */,
				49661CDF18E0D8EE007E5CE6 /* libz.dylib */,
				4F2E136218EB407200716C2F /* Parse.framework */,
				4FF9AD4518E2586F008C9CC3 /* FacebookSDK.framework */,
				49661CDD18E0D8E8007E5CE6 /* CoreLocation.framework */,
				49661CDB18E0D8DE007E5CE6 /* CFNetwork.framework */,
				49661CD918E0D8DA007E5CE6 /* AudioToolbox.framework */,
				4FF9AD3E18DF2778008C9CC3 /* MapKit.framework */,
				4FF9ACED18DDEBA5008C9CC3 /* Foundation.framework */,
				4FF9ACEF18DDEBA5008C9CC3 /* CoreGraphics.framework */,
				4FF9ACF118DDEBA5008C9CC3 /* UIKit.framework */,
				4FF9ACF318DDEBA5008C9CC3 /* CoreData.framework */,
				4FF9AD0B18DDEBA5008C9CC3 /* XCTest.framework */,
			);
			name = Frameworks;
			sourceTree = "<group>";
		};
		4FF9ACF518DDEBA5008C9CC3 /* Rendezvous */ = {
			isa = PBXGroup;
			children = (
				4FF9AD2218DDEBB0008C9CC3 /* Model */,
				4FF9AD2318DDEBB6008C9CC3 /* View */,
				4FF9AD2418DDEBBF008C9CC3 /* Controller */,
				4FF9AD0418DDEBA5008C9CC3 /* Images.xcassets */,
				4FF9ACF618DDEBA5008C9CC3 /* Supporting Files */,
				49CE21FB18F331790026EB40 /* Libraries */,
			);
			path = Rendezvous;
			sourceTree = "<group>";
		};
		4FF9ACF618DDEBA5008C9CC3 /* Supporting Files */ = {
			isa = PBXGroup;
			children = (
				4923A72618F77E79008A43FF /* placeholder.png */,
				4FF9ACF718DDEBA5008C9CC3 /* Rendezvous-Info.plist */,
				4FF9ACF818DDEBA5008C9CC3 /* InfoPlist.strings */,
				4FF9ACFB18DDEBA5008C9CC3 /* main.m */,
				4FF9ACFD18DDEBA5008C9CC3 /* Rendezvous-Prefix.pch */,
			);
			name = "Supporting Files";
			sourceTree = "<group>";
		};
		4FF9AD1218DDEBA5008C9CC3 /* RendezvousTests */ = {
			isa = PBXGroup;
			children = (
				4FF9AD1818DDEBA5008C9CC3 /* RendezvousTests.m */,
				4FF9AD1318DDEBA5008C9CC3 /* Supporting Files */,
			);
			path = RendezvousTests;
			sourceTree = "<group>";
		};
		4FF9AD1318DDEBA5008C9CC3 /* Supporting Files */ = {
			isa = PBXGroup;
			children = (
				4FF9AD1418DDEBA5008C9CC3 /* RendezvousTests-Info.plist */,
				4FF9AD1518DDEBA5008C9CC3 /* InfoPlist.strings */,
			);
			name = "Supporting Files";
			sourceTree = "<group>";
		};
		4FF9AD2218DDEBB0008C9CC3 /* Model */ = {
			isa = PBXGroup;
			children = (
				4FF9AD0118DDEBA5008C9CC3 /* Rendezvous.xcdatamodeld */,
				4FF9ACFE18DDEBA5008C9CC3 /* AppDelegate.h */,
				4FF9ACFF18DDEBA5008C9CC3 /* AppDelegate.m */,
				492FEB6D18F1DA5F008BABD1 /* User Models */,
				492FEB6E18F1DA65008BABD1 /* Meeting Models */,
				4F6985E118F474E8005EC437 /* New CoreData Model */,
			);
			name = Model;
			sourceTree = "<group>";
		};
		4FF9AD2318DDEBB6008C9CC3 /* View */ = {
			isa = PBXGroup;
			children = (
				4FF9AD3918DF0A48008C9CC3 /* Cells */,
				4FF9AD2518DDEBE5008C9CC3 /* Storyboard.storyboard */,
			);
			name = View;
			sourceTree = "<group>";
		};
		4FF9AD2418DDEBBF008C9CC3 /* Controller */ = {
			isa = PBXGroup;
			children = (
				49ECB00D18E11F7E003C960D /* LoginView */,
				4FF9AD4B18E70BCD008C9CC3 /* HomeView */,
				49BD483C18E2B1FE00EAD526 /* ContactsView */,
				49967A1E18ECC61D009CC8E8 /* MeetingReasonView */,
				4FF9AD4A18E7084D008C9CC3 /* MeetingView */,
				4F6985DD18F3875D005EC437 /* AcceptDeclineView */,
				4FF9AD4C18E70BDF008C9CC3 /* SettingsView */,
				4FF9AD4D18E70BE6008C9CC3 /* LocationView */,
				4FD9A08518F8B07500EB6574 /* FinalView */,
			);
			name = Controller;
			sourceTree = "<group>";
		};
		4FF9AD3918DF0A48008C9CC3 /* Cells */ = {
			isa = PBXGroup;
			children = (
				4FF9AD3A18DF0A71008C9CC3 /* HomeCell.h */,
				4FF9AD3B18DF0A71008C9CC3 /* HomeCell.m */,
				49BD483918E27BE600EAD526 /* ContactsCell.h */,
				49BD483A18E27BE600EAD526 /* ContactsCell.m */,
				49445DAD18EF04F300525E66 /* LocationSuggestionCell.h */,
				49445DAE18EF04F300525E66 /* LocationSuggestionCell.m */,
				4FD9A08C18FA0F8B00EB6574 /* GuestListCell.h */,
				4FD9A08D18FA0F8B00EB6574 /* GuestListCell.m */,
			);
			name = Cells;
			sourceTree = "<group>";
		};
		4FF9AD4A18E7084D008C9CC3 /* MeetingView */ = {
			isa = PBXGroup;
			children = (
				4FF9AD3018DE0B55008C9CC3 /* MeetingViewController.h */,
				4FF9AD3118DE0B55008C9CC3 /* MeetingViewController.m */,
				4FD9A08918F9FD3800EB6574 /* GuestListController.h */,
				4FD9A08A18F9FD3800EB6574 /* GuestListController.m */,
			);
			name = MeetingView;
			sourceTree = "<group>";
		};
		4FF9AD4B18E70BCD008C9CC3 /* HomeView */ = {
			isa = PBXGroup;
			children = (
				4FF9AD2A18DE0AF9008C9CC3 /* HomeViewController.h */,
				4FF9AD2B18DE0AF9008C9CC3 /* HomeViewController.m */,
			);
			name = HomeView;
			sourceTree = "<group>";
		};
		4FF9AD4C18E70BDF008C9CC3 /* SettingsView */ = {
			isa = PBXGroup;
			children = (
				4FBA5D3518ECCD6800532689 /* HistoryViewController.h */,
				4FBA5D3618ECCD6800532689 /* HistoryViewController.m */,
				4F265D9F18F71D930052AD46 /* socialMediaController.h */,
				4F265DA018F71D930052AD46 /* socialMediaController.m */,
				4F265DA218F71E7E0052AD46 /* SettingsRootController.h */,
				4F265DA318F71E7E0052AD46 /* SettingsRootController.m */,
			);
			name = SettingsView;
			sourceTree = "<group>";
		};
		4FF9AD4D18E70BE6008C9CC3 /* LocationView */ = {
			isa = PBXGroup;
			children = (
				4FF9AD4018DF27EC008C9CC3 /* LocationViewController.h */,
				4FF9AD4118DF27EC008C9CC3 /* LocationViewController.m */,
			);
			name = LocationView;
			sourceTree = "<group>";
		};
/* End PBXGroup section */

/* Begin PBXNativeTarget section */
		4FF9ACE918DDEBA5008C9CC3 /* Rendezvous */ = {
			isa = PBXNativeTarget;
			buildConfigurationList = 4FF9AD1C18DDEBA5008C9CC3 /* Build configuration list for PBXNativeTarget "Rendezvous" */;
			buildPhases = (
				4FF9ACE618DDEBA5008C9CC3 /* Sources */,
				4FF9ACE718DDEBA5008C9CC3 /* Frameworks */,
				4FF9ACE818DDEBA5008C9CC3 /* Resources */,
			);
			buildRules = (
			);
			dependencies = (
			);
			name = Rendezvous;
			productName = Rendezvous;
			productReference = 4FF9ACEA18DDEBA5008C9CC3 /* Rendezvous.app */;
			productType = "com.apple.product-type.application";
		};
		4FF9AD0918DDEBA5008C9CC3 /* RendezvousTests */ = {
			isa = PBXNativeTarget;
			buildConfigurationList = 4FF9AD1F18DDEBA5008C9CC3 /* Build configuration list for PBXNativeTarget "RendezvousTests" */;
			buildPhases = (
				4FF9AD0618DDEBA5008C9CC3 /* Sources */,
				4FF9AD0718DDEBA5008C9CC3 /* Frameworks */,
				4FF9AD0818DDEBA5008C9CC3 /* Resources */,
			);
			buildRules = (
			);
			dependencies = (
				4FF9AD1118DDEBA5008C9CC3 /* PBXTargetDependency */,
			);
			name = RendezvousTests;
			productName = RendezvousTests;
			productReference = 4FF9AD0A18DDEBA5008C9CC3 /* RendezvousTests.xctest */;
			productType = "com.apple.product-type.bundle.unit-test";
		};
/* End PBXNativeTarget section */

/* Begin PBXProject section */
		4FF9ACE218DDEBA5008C9CC3 /* Project object */ = {
			isa = PBXProject;
			attributes = {
				LastUpgradeCheck = 0510;
				ORGANIZATIONNAME = Penning;
				TargetAttributes = {
					4FF9ACE918DDEBA5008C9CC3 = {
						DevelopmentTeam = 69ZDK4Y6QX;
						SystemCapabilities = {
							com.apple.iOS = {
								enabled = 1;
							};
						};
					};
					4FF9AD0918DDEBA5008C9CC3 = {
						TestTargetID = 4FF9ACE918DDEBA5008C9CC3;
					};
				};
			};
			buildConfigurationList = 4FF9ACE518DDEBA5008C9CC3 /* Build configuration list for PBXProject "Rendezvous" */;
			compatibilityVersion = "Xcode 3.2";
			developmentRegion = English;
			hasScannedForEncodings = 0;
			knownRegions = (
				en,
			);
			mainGroup = 4FF9ACE118DDEBA5008C9CC3;
			productRefGroup = 4FF9ACEB18DDEBA5008C9CC3 /* Products */;
			projectDirPath = "";
			projectRoot = "";
			targets = (
				4FF9ACE918DDEBA5008C9CC3 /* Rendezvous */,
				4FF9AD0918DDEBA5008C9CC3 /* RendezvousTests */,
			);
		};
/* End PBXProject section */

/* Begin PBXResourcesBuildPhase section */
		4FF9ACE818DDEBA5008C9CC3 /* Resources */ = {
			isa = PBXResourcesBuildPhase;
			buildActionMask = 2147483647;
			files = (
				4FF9ACFA18DDEBA5008C9CC3 /* InfoPlist.strings in Resources */,
				4FF9AD0518DDEBA5008C9CC3 /* Images.xcassets in Resources */,
				4923A72718F77E79008A43FF /* placeholder.png in Resources */,
				4FF9AD2618DDEBE5008C9CC3 /* Storyboard.storyboard in Resources */,
			);
			runOnlyForDeploymentPostprocessing = 0;
		};
		4FF9AD0818DDEBA5008C9CC3 /* Resources */ = {
			isa = PBXResourcesBuildPhase;
			buildActionMask = 2147483647;
			files = (
				4FF9AD1718DDEBA5008C9CC3 /* InfoPlist.strings in Resources */,
			);
			runOnlyForDeploymentPostprocessing = 0;
		};
/* End PBXResourcesBuildPhase section */

/* Begin PBXSourcesBuildPhase section */
		4FF9ACE618DDEBA5008C9CC3 /* Sources */ = {
			isa = PBXSourcesBuildPhase;
			buildActionMask = 2147483647;
			files = (
				495269A718F992BF0065ED14 /* ObservableMutableArray.m in Sources */,
				49967A0918ECB8FD009CC8E8 /* UIImage+MultiFormat.m in Sources */,
				49967A0A18ECB8FD009CC8E8 /* UIImage+WebP.m in Sources */,
				4F6985E018F387C8005EC437 /* AcceptDeclineController.m in Sources */,
				4F6985E718F4777D005EC437 /* PersonObject.m in Sources */,
				492FEB6A18F1D935008BABD1 /* OAServiceTicket.m in Sources */,
				492FEB6418F1D935008BABD1 /* OADataFetcher.m in Sources */,
				492FEB6618F1D935008BABD1 /* OAMutableURLRequest.m in Sources */,
				4F265DA418F71E7E0052AD46 /* SettingsRootController.m in Sources */,
				492FEB6518F1D935008BABD1 /* OAHMAC_SHA1SignatureProvider.m in Sources */,
				4FD9A08818F8B0C600EB6574 /* FinalViewController.m in Sources */,
				492FEB6718F1D935008BABD1 /* OAPlaintextSignatureProvider.m in Sources */,
				492FEB5C18F1D935008BABD1 /* NSMutableURLRequest+Parameters.m in Sources */,
				4FF9AD3218DE0B55008C9CC3 /* MeetingViewController.m in Sources */,
				4F6985DC18F3841A005EC437 /* main.js in Sources */,
				49967A0518ECB8FD009CC8E8 /* SDWebImageManager.m in Sources */,
				492FEB5D18F1D935008BABD1 /* NSString+URLEncoding.m in Sources */,
				49FE6EEA18E2721D00626238 /* Friend.m in Sources */,
				49BD483B18E27BE600EAD526 /* ContactsCell.m in Sources */,
				4FF9AD2918DE0ADD008C9CC3 /* LoginViewController.m in Sources */,
				492FEB6118F1D935008BABD1 /* sha1.c in Sources */,
				49967A0318ECB8FD009CC8E8 /* SDWebImageDownloader.m in Sources */,
				4F6985E418F47514005EC437 /* MeetingObject.m in Sources */,
				4FF9AD3C18DF0A71008C9CC3 /* HomeCell.m in Sources */,
				4FF9AD4218DF27EC008C9CC3 /* LocationViewController.m in Sources */,
				492FEB6218F1D935008BABD1 /* OACall.m in Sources */,
				492FEB6C18F1D935008BABD1 /* OATokenManager.m in Sources */,
				49967A2118ECC653009CC8E8 /* MeetingReasonViewController.m in Sources */,
				4FF9AD2F18DE0B25008C9CC3 /* ContactsViewController.m in Sources */,
				49FE6EE718E25B2400626238 /* CurrentUser.m in Sources */,
				499679FE18ECB8FD009CC8E8 /* MKAnnotationView+WebCache.m in Sources */,
				492FEB6018F1D935008BABD1 /* hmac.c in Sources */,
				4FD9A08B18F9FD3800EB6574 /* GuestListController.m in Sources */,
				492FEB6318F1D935008BABD1 /* OAConsumer.m in Sources */,
				4FD9A08E18FA0F8B00EB6574 /* GuestListCell.m in Sources */,
				499679FF18ECB8FD009CC8E8 /* NSData+ImageContentType.m in Sources */,
				4F6985EE18F47D0B005EC437 /* DataManager.m in Sources */,
				49967A0818ECB8FD009CC8E8 /* UIImage+GIF.m in Sources */,
				4F6985EA18F47B45005EC437 /* ReasonObject.m in Sources */,
				49967A2718EE0FD9009CC8E8 /* MeetingLocation.m in Sources */,
				49967A2418EDCBF0009CC8E8 /* LocationSuggestionsLookup.m in Sources */,
				49967A0718ECB8FD009CC8E8 /* UIButton+WebCache.m in Sources */,
				4FF9AD0318DDEBA5008C9CC3 /* Rendezvous.xcdatamodeld in Sources */,
				492FEB6B18F1D935008BABD1 /* OAToken.m in Sources */,
				49445DAF18EF04F300525E66 /* LocationSuggestionCell.m in Sources */,
				49967A0B18ECB8FD009CC8E8 /* UIImageView+WebCache.m in Sources */,
				4F265DA118F71D930052AD46 /* socialMediaController.m in Sources */,
				49967A0618ECB8FD009CC8E8 /* SDWebImagePrefetcher.m in Sources */,
				49967A0218ECB8FD009CC8E8 /* SDWebImageDecoder.m in Sources */,
				492FEB6818F1D935008BABD1 /* OAProblem.m in Sources */,
				49967A0018ECB8FD009CC8E8 /* SDImageCache.m in Sources */,
				49967A0118ECB8FD009CC8E8 /* SDWebImageCompat.m in Sources */,
				492FEB6918F1D935008BABD1 /* OARequestParameter.m in Sources */,
				4FF9AD0018DDEBA5008C9CC3 /* AppDelegate.m in Sources */,
				4FF9AD2C18DE0AF9008C9CC3 /* HomeViewController.m in Sources */,
				492FEB5E18F1D935008BABD1 /* NSURL+Base.m in Sources */,
				49967A0418ECB8FD009CC8E8 /* SDWebImageDownloaderOperation.m in Sources */,
				492FEB5F18F1D935008BABD1 /* Base64Transcoder.c in Sources */,
				4FF9AD4918E6FCBF008C9CC3 /* Meeting.m in Sources */,
				4FBA5D3718ECCD6800532689 /* HistoryViewController.m in Sources */,
				4FF9ACFC18DDEBA5008C9CC3 /* main.m in Sources */,
			);
			runOnlyForDeploymentPostprocessing = 0;
		};
		4FF9AD0618DDEBA5008C9CC3 /* Sources */ = {
			isa = PBXSourcesBuildPhase;
			buildActionMask = 2147483647;
			files = (
				4FF9AD1918DDEBA5008C9CC3 /* RendezvousTests.m in Sources */,
			);
			runOnlyForDeploymentPostprocessing = 0;
		};
/* End PBXSourcesBuildPhase section */

/* Begin PBXTargetDependency section */
		4FF9AD1118DDEBA5008C9CC3 /* PBXTargetDependency */ = {
			isa = PBXTargetDependency;
			target = 4FF9ACE918DDEBA5008C9CC3 /* Rendezvous */;
			targetProxy = 4FF9AD1018DDEBA5008C9CC3 /* PBXContainerItemProxy */;
		};
/* End PBXTargetDependency section */

/* Begin PBXVariantGroup section */
		4FF9ACF818DDEBA5008C9CC3 /* InfoPlist.strings */ = {
			isa = PBXVariantGroup;
			children = (
				4FF9ACF918DDEBA5008C9CC3 /* en */,
			);
			name = InfoPlist.strings;
			sourceTree = "<group>";
		};
		4FF9AD1518DDEBA5008C9CC3 /* InfoPlist.strings */ = {
			isa = PBXVariantGroup;
			children = (
				4FF9AD1618DDEBA5008C9CC3 /* en */,
			);
			name = InfoPlist.strings;
			sourceTree = "<group>";
		};
/* End PBXVariantGroup section */

/* Begin XCBuildConfiguration section */
		4FF9AD1A18DDEBA5008C9CC3 /* Debug */ = {
			isa = XCBuildConfiguration;
			buildSettings = {
				ALWAYS_SEARCH_USER_PATHS = NO;
				CLANG_CXX_LANGUAGE_STANDARD = "gnu++0x";
				CLANG_CXX_LIBRARY = "libc++";
				CLANG_ENABLE_MODULES = YES;
				CLANG_ENABLE_OBJC_ARC = YES;
				CLANG_WARN_BOOL_CONVERSION = YES;
				CLANG_WARN_CONSTANT_CONVERSION = YES;
				CLANG_WARN_DIRECT_OBJC_ISA_USAGE = YES_ERROR;
				CLANG_WARN_EMPTY_BODY = YES;
				CLANG_WARN_ENUM_CONVERSION = YES;
				CLANG_WARN_INT_CONVERSION = YES;
				CLANG_WARN_OBJC_ROOT_CLASS = YES_ERROR;
				CLANG_WARN__DUPLICATE_METHOD_MATCH = YES;
				CODE_SIGN_IDENTITY = "iPhone Developer: Sumedha Pramod (LHV9GU4T37)";
				"CODE_SIGN_IDENTITY[sdk=iphoneos*]" = "iPhone Developer: Sumedha Pramod (LHV9GU4T37)";
				COPY_PHASE_STRIP = NO;
				GCC_C_LANGUAGE_STANDARD = gnu99;
				GCC_DYNAMIC_NO_PIC = NO;
				GCC_OPTIMIZATION_LEVEL = 0;
				GCC_PREPROCESSOR_DEFINITIONS = (
					"DEBUG=1",
					"$(inherited)",
				);
				GCC_SYMBOLS_PRIVATE_EXTERN = NO;
				GCC_WARN_64_TO_32_BIT_CONVERSION = YES;
				GCC_WARN_ABOUT_RETURN_TYPE = YES_ERROR;
				GCC_WARN_UNDECLARED_SELECTOR = YES;
				GCC_WARN_UNINITIALIZED_AUTOS = YES_AGGRESSIVE;
				GCC_WARN_UNUSED_FUNCTION = YES;
				GCC_WARN_UNUSED_VARIABLE = YES;
				IPHONEOS_DEPLOYMENT_TARGET = 7.1;
				ONLY_ACTIVE_ARCH = YES;
				PROVISIONING_PROFILE = "16BE434D-A521-4DC7-875D-BA8431D87A16";
				SDKROOT = iphoneos;
			};
			name = Debug;
		};
		4FF9AD1B18DDEBA5008C9CC3 /* Release */ = {
			isa = XCBuildConfiguration;
			buildSettings = {
				ALWAYS_SEARCH_USER_PATHS = NO;
				CLANG_CXX_LANGUAGE_STANDARD = "gnu++0x";
				CLANG_CXX_LIBRARY = "libc++";
				CLANG_ENABLE_MODULES = YES;
				CLANG_ENABLE_OBJC_ARC = YES;
				CLANG_WARN_BOOL_CONVERSION = YES;
				CLANG_WARN_CONSTANT_CONVERSION = YES;
				CLANG_WARN_DIRECT_OBJC_ISA_USAGE = YES_ERROR;
				CLANG_WARN_EMPTY_BODY = YES;
				CLANG_WARN_ENUM_CONVERSION = YES;
				CLANG_WARN_INT_CONVERSION = YES;
				CLANG_WARN_OBJC_ROOT_CLASS = YES_ERROR;
				CLANG_WARN__DUPLICATE_METHOD_MATCH = YES;
				CODE_SIGN_IDENTITY = "iPhone Developer: Sumedha Pramod (LHV9GU4T37)";
				"CODE_SIGN_IDENTITY[sdk=iphoneos*]" = "iPhone Developer: Sumedha Pramod (LHV9GU4T37)";
				COPY_PHASE_STRIP = YES;
				ENABLE_NS_ASSERTIONS = NO;
				GCC_C_LANGUAGE_STANDARD = gnu99;
				GCC_WARN_64_TO_32_BIT_CONVERSION = YES;
				GCC_WARN_ABOUT_RETURN_TYPE = YES_ERROR;
				GCC_WARN_UNDECLARED_SELECTOR = YES;
				GCC_WARN_UNINITIALIZED_AUTOS = YES_AGGRESSIVE;
				GCC_WARN_UNUSED_FUNCTION = YES;
				GCC_WARN_UNUSED_VARIABLE = YES;
				IPHONEOS_DEPLOYMENT_TARGET = 7.1;
				PROVISIONING_PROFILE = "16BE434D-A521-4DC7-875D-BA8431D87A16";
				SDKROOT = iphoneos;
				VALIDATE_PRODUCT = YES;
			};
			name = Release;
		};
		4FF9AD1D18DDEBA5008C9CC3 /* Debug */ = {
			isa = XCBuildConfiguration;
			buildSettings = {
				ASSETCATALOG_COMPILER_APPICON_NAME = "AppIcon-1";
				ASSETCATALOG_COMPILER_LAUNCHIMAGE_NAME = LaunchImage;
				CLANG_ENABLE_OBJC_ARC = YES;
				CODE_SIGN_IDENTITY = "iPhone Developer";
				"CODE_SIGN_IDENTITY[sdk=iphoneos*]" = "iPhone Developer";
				FRAMEWORK_SEARCH_PATHS = (
					"$(inherited)",
					"$(PROJECT_DIR)",
					/Users/pramods/Documents/FacebookSDK,
					/Users/pramods/Documents,
					"$(PROJECT_DIR)/Rendezvous",
				);
				GCC_PRECOMPILE_PREFIX_HEADER = YES;
				GCC_PREFIX_HEADER = "Rendezvous/Rendezvous-Prefix.pch";
				INFOPLIST_FILE = "Rendezvous/Rendezvous-Info.plist";
				OTHER_LDFLAGS = "-ObjC";
				PRODUCT_NAME = "$(TARGET_NAME)";
				PROVISIONING_PROFILE = "";
				WRAPPER_EXTENSION = app;
			};
			name = Debug;
		};
		4FF9AD1E18DDEBA5008C9CC3 /* Release */ = {
			isa = XCBuildConfiguration;
			buildSettings = {
				ASSETCATALOG_COMPILER_APPICON_NAME = "AppIcon-1";
				ASSETCATALOG_COMPILER_LAUNCHIMAGE_NAME = LaunchImage;
				CLANG_ENABLE_OBJC_ARC = YES;
				CODE_SIGN_IDENTITY = "iPhone Developer";
				"CODE_SIGN_IDENTITY[sdk=iphoneos*]" = "iPhone Developer";
				FRAMEWORK_SEARCH_PATHS = (
					"$(inherited)",
					"$(PROJECT_DIR)",
					/Users/pramods/Documents/FacebookSDK,
					/Users/pramods/Documents,
					"$(PROJECT_DIR)/Rendezvous",
				);
				GCC_PRECOMPILE_PREFIX_HEADER = YES;
				GCC_PREFIX_HEADER = "Rendezvous/Rendezvous-Prefix.pch";
				INFOPLIST_FILE = "Rendezvous/Rendezvous-Info.plist";
				OTHER_LDFLAGS = "-ObjC";
				PRODUCT_NAME = "$(TARGET_NAME)";
				PROVISIONING_PROFILE = "";
				WRAPPER_EXTENSION = app;
			};
			name = Release;
		};
		4FF9AD2018DDEBA5008C9CC3 /* Debug */ = {
			isa = XCBuildConfiguration;
			buildSettings = {
				BUNDLE_LOADER = "$(BUILT_PRODUCTS_DIR)/Rendezvous.app/Rendezvous";
				FRAMEWORK_SEARCH_PATHS = (
					"$(SDKROOT)/Developer/Library/Frameworks",
					"$(inherited)",
					"$(DEVELOPER_FRAMEWORKS_DIR)",
				);
				GCC_PRECOMPILE_PREFIX_HEADER = YES;
				GCC_PREFIX_HEADER = "Rendezvous/Rendezvous-Prefix.pch";
				GCC_PREPROCESSOR_DEFINITIONS = (
					"DEBUG=1",
					"$(inherited)",
				);
				INFOPLIST_FILE = "RendezvousTests/RendezvousTests-Info.plist";
				PRODUCT_NAME = "$(TARGET_NAME)";
				TEST_HOST = "$(BUNDLE_LOADER)";
				WRAPPER_EXTENSION = xctest;
			};
			name = Debug;
		};
		4FF9AD2118DDEBA5008C9CC3 /* Release */ = {
			isa = XCBuildConfiguration;
			buildSettings = {
				BUNDLE_LOADER = "$(BUILT_PRODUCTS_DIR)/Rendezvous.app/Rendezvous";
				FRAMEWORK_SEARCH_PATHS = (
					"$(SDKROOT)/Developer/Library/Frameworks",
					"$(inherited)",
					"$(DEVELOPER_FRAMEWORKS_DIR)",
				);
				GCC_PRECOMPILE_PREFIX_HEADER = YES;
				GCC_PREFIX_HEADER = "Rendezvous/Rendezvous-Prefix.pch";
				INFOPLIST_FILE = "RendezvousTests/RendezvousTests-Info.plist";
				PRODUCT_NAME = "$(TARGET_NAME)";
				TEST_HOST = "$(BUNDLE_LOADER)";
				WRAPPER_EXTENSION = xctest;
			};
			name = Release;
		};
/* End XCBuildConfiguration section */

/* Begin XCConfigurationList section */
		4FF9ACE518DDEBA5008C9CC3 /* Build configuration list for PBXProject "Rendezvous" */ = {
			isa = XCConfigurationList;
			buildConfigurations = (
				4FF9AD1A18DDEBA5008C9CC3 /* Debug */,
				4FF9AD1B18DDEBA5008C9CC3 /* Release */,
			);
			defaultConfigurationIsVisible = 0;
			defaultConfigurationName = Release;
		};
		4FF9AD1C18DDEBA5008C9CC3 /* Build configuration list for PBXNativeTarget "Rendezvous" */ = {
			isa = XCConfigurationList;
			buildConfigurations = (
				4FF9AD1D18DDEBA5008C9CC3 /* Debug */,
				4FF9AD1E18DDEBA5008C9CC3 /* Release */,
			);
			defaultConfigurationIsVisible = 0;
			defaultConfigurationName = Release;
		};
		4FF9AD1F18DDEBA5008C9CC3 /* Build configuration list for PBXNativeTarget "RendezvousTests" */ = {
			isa = XCConfigurationList;
			buildConfigurations = (
				4FF9AD2018DDEBA5008C9CC3 /* Debug */,
				4FF9AD2118DDEBA5008C9CC3 /* Release */,
			);
			defaultConfigurationIsVisible = 0;
			defaultConfigurationName = Release;
		};
/* End XCConfigurationList section */

/* Begin XCVersionGroup section */
		4FF9AD0118DDEBA5008C9CC3 /* Rendezvous.xcdatamodeld */ = {
			isa = XCVersionGroup;
			children = (
				4FF9AD0218DDEBA5008C9CC3 /* Rendezvous.xcdatamodel */,
			);
			currentVersion = 4FF9AD0218DDEBA5008C9CC3 /* Rendezvous.xcdatamodel */;
			path = Rendezvous.xcdatamodeld;
			sourceTree = "<group>";
			versionGroupType = wrapper.xcdatamodel;
		};
/* End XCVersionGroup section */
	};
	rootObject = 4FF9ACE218DDEBA5008C9CC3 /* Project object */;
}
