// !$*UTF8*$!
{
	archiveVersion = 1;
	classes = {
	};
	objectVersion = 46;
	objects = {

/* Begin PBXBuildFile section */
		49661CDA18E0D8DA007E5CE6 /* AudioToolbox.framework in Frameworks */ = {isa = PBXBuildFile; fileRef = 49661CD918E0D8DA007E5CE6 /* AudioToolbox.framework */; };
		49661CDC18E0D8DE007E5CE6 /* CFNetwork.framework in Frameworks */ = {isa = PBXBuildFile; fileRef = 49661CDB18E0D8DE007E5CE6 /* CFNetwork.framework */; };
		49661CDE18E0D8E8007E5CE6 /* CoreLocation.framework in Frameworks */ = {isa = PBXBuildFile; fileRef = 49661CDD18E0D8E8007E5CE6 /* CoreLocation.framework */; };
		49661CE018E0D8EE007E5CE6 /* libz.dylib in Frameworks */ = {isa = PBXBuildFile; fileRef = 49661CDF18E0D8EE007E5CE6 /* libz.dylib */; };
		49661CE218E0D8F3007E5CE6 /* MobileCoreServices.framework in Frameworks */ = {isa = PBXBuildFile; fileRef = 49661CE118E0D8F3007E5CE6 /* MobileCoreServices.framework */; };
		49661CE418E0D8F9007E5CE6 /* QuartzCore.framework in Frameworks */ = {isa = PBXBuildFile; fileRef = 49661CE318E0D8F9007E5CE6 /* QuartzCore.framework */; };
		49661CE618E0D8FD007E5CE6 /* Security.framework in Frameworks */ = {isa = PBXBuildFile; fileRef = 49661CE518E0D8FD007E5CE6 /* Security.framework */; };
		49661CE818E0D903007E5CE6 /* StoreKit.framework in Frameworks */ = {isa = PBXBuildFile; fileRef = 49661CE718E0D903007E5CE6 /* StoreKit.framework */; };
		49661CEA18E0D909007E5CE6 /* SystemConfiguration.framework in Frameworks */ = {isa = PBXBuildFile; fileRef = 49661CE918E0D909007E5CE6 /* SystemConfiguration.framework */; };
		49661CF218E0DCF1007E5CE6 /* Parse.framework in Frameworks */ = {isa = PBXBuildFile; fileRef = 49661CF118E0DCF1007E5CE6 /* Parse.framework */; };
		49661CF418E0DCF9007E5CE6 /* FacebookSDK.framework in Frameworks */ = {isa = PBXBuildFile; fileRef = 49661CF318E0DCF9007E5CE6 /* FacebookSDK.framework */; };
		49661CF918E0E4CD007E5CE6 /* login-button-small-pressed.png in Resources */ = {isa = PBXBuildFile; fileRef = 49661CF518E0E4CD007E5CE6 /* login-button-small-pressed.png */; };
		49661CFA18E0E4CD007E5CE6 /* login-button-small-pressed@2x.png in Resources */ = {isa = PBXBuildFile; fileRef = 49661CF618E0E4CD007E5CE6 /* login-button-small-pressed@2x.png */; };
		49661CFB18E0E4CD007E5CE6 /* login-button-small.png in Resources */ = {isa = PBXBuildFile; fileRef = 49661CF718E0E4CD007E5CE6 /* login-button-small.png */; };
		49661CFC18E0E4CD007E5CE6 /* login-button-small@2x.png in Resources */ = {isa = PBXBuildFile; fileRef = 49661CF818E0E4CD007E5CE6 /* login-button-small@2x.png */; };
		4FF9ACEE18DDEBA5008C9CC3 /* Foundation.framework in Frameworks */ = {isa = PBXBuildFile; fileRef = 4FF9ACED18DDEBA5008C9CC3 /* Foundation.framework */; };
		4FF9ACF018DDEBA5008C9CC3 /* CoreGraphics.framework in Frameworks */ = {isa = PBXBuildFile; fileRef = 4FF9ACEF18DDEBA5008C9CC3 /* CoreGraphics.framework */; };
		4FF9ACF218DDEBA5008C9CC3 /* UIKit.framework in Frameworks */ = {isa = PBXBuildFile; fileRef = 4FF9ACF118DDEBA5008C9CC3 /* UIKit.framework */; };
		4FF9ACF418DDEBA5008C9CC3 /* CoreData.framework in Frameworks */ = {isa = PBXBuildFile; fileRef = 4FF9ACF318DDEBA5008C9CC3 /* CoreData.framework */; };
		4FF9ACFA18DDEBA5008C9CC3 /* InfoPlist.strings in Resources */ = {isa = PBXBuildFile; fileRef = 4FF9ACF818DDEBA5008C9CC3 /* InfoPlist.strings */; };
		4FF9ACFC18DDEBA5008C9CC3 /* main.m in Sources */ = {isa = PBXBuildFile; fileRef = 4FF9ACFB18DDEBA5008C9CC3 /* main.m */; };
		4FF9AD0018DDEBA5008C9CC3 /* AppDelegate.m in Sources */ = {isa = PBXBuildFile; fileRef = 4FF9ACFF18DDEBA5008C9CC3 /* AppDelegate.m */; };
		4FF9AD0318DDEBA5008C9CC3 /* Rendezvous.xcdatamodeld in Sources */ = {isa = PBXBuildFile; fileRef = 4FF9AD0118DDEBA5008C9CC3 /* Rendezvous.xcdatamodeld */; };
		4FF9AD0518DDEBA5008C9CC3 /* Images.xcassets in Resources */ = {isa = PBXBuildFile; fileRef = 4FF9AD0418DDEBA5008C9CC3 /* Images.xcassets */; };
		4FF9AD0C18DDEBA5008C9CC3 /* XCTest.framework in Frameworks */ = {isa = PBXBuildFile; fileRef = 4FF9AD0B18DDEBA5008C9CC3 /* XCTest.framework */; };
		4FF9AD0D18DDEBA5008C9CC3 /* Foundation.framework in Frameworks */ = {isa = PBXBuildFile; fileRef = 4FF9ACED18DDEBA5008C9CC3 /* Foundation.framework */; };
		4FF9AD0E18DDEBA5008C9CC3 /* UIKit.framework in Frameworks */ = {isa = PBXBuildFile; fileRef = 4FF9ACF118DDEBA5008C9CC3 /* UIKit.framework */; };
		4FF9AD0F18DDEBA5008C9CC3 /* CoreData.framework in Frameworks */ = {isa = PBXBuildFile; fileRef = 4FF9ACF318DDEBA5008C9CC3 /* CoreData.framework */; };
		4FF9AD1718DDEBA5008C9CC3 /* InfoPlist.strings in Resources */ = {isa = PBXBuildFile; fileRef = 4FF9AD1518DDEBA5008C9CC3 /* InfoPlist.strings */; };
		4FF9AD1918DDEBA5008C9CC3 /* RendezvousTests.m in Sources */ = {isa = PBXBuildFile; fileRef = 4FF9AD1818DDEBA5008C9CC3 /* RendezvousTests.m */; };
		4FF9AD2618DDEBE5008C9CC3 /* Storyboard.storyboard in Resources */ = {isa = PBXBuildFile; fileRef = 4FF9AD2518DDEBE5008C9CC3 /* Storyboard.storyboard */; };
		4FF9AD2918DE0ADD008C9CC3 /* LoginViewController.m in Sources */ = {isa = PBXBuildFile; fileRef = 4FF9AD2818DE0ADD008C9CC3 /* LoginViewController.m */; };
		4FF9AD2C18DE0AF9008C9CC3 /* HomeViewController.m in Sources */ = {isa = PBXBuildFile; fileRef = 4FF9AD2B18DE0AF9008C9CC3 /* HomeViewController.m */; };
		4FF9AD2F18DE0B25008C9CC3 /* ContactsViewController.m in Sources */ = {isa = PBXBuildFile; fileRef = 4FF9AD2E18DE0B25008C9CC3 /* ContactsViewController.m */; };
		4FF9AD3218DE0B55008C9CC3 /* MeetingViewController.m in Sources */ = {isa = PBXBuildFile; fileRef = 4FF9AD3118DE0B55008C9CC3 /* MeetingViewController.m */; };
		4FF9AD3518DE0B72008C9CC3 /* SettingsViewController.m in Sources */ = {isa = PBXBuildFile; fileRef = 4FF9AD3418DE0B72008C9CC3 /* SettingsViewController.m */; };
		4FF9AD3818DE1394008C9CC3 /* TableViewController.m in Sources */ = {isa = PBXBuildFile; fileRef = 4FF9AD3718DE1394008C9CC3 /* TableViewController.m */; };
		4FF9AD3C18DF0A71008C9CC3 /* HomeCell.m in Sources */ = {isa = PBXBuildFile; fileRef = 4FF9AD3B18DF0A71008C9CC3 /* HomeCell.m */; };
		4FF9AD3F18DF2778008C9CC3 /* MapKit.framework in Frameworks */ = {isa = PBXBuildFile; fileRef = 4FF9AD3E18DF2778008C9CC3 /* MapKit.framework */; };
		4FF9AD4218DF27EC008C9CC3 /* LocationViewController.m in Sources */ = {isa = PBXBuildFile; fileRef = 4FF9AD4118DF27EC008C9CC3 /* LocationViewController.m */; };
/* End PBXBuildFile section */

/* Begin PBXContainerItemProxy section */
		4FF9AD1018DDEBA5008C9CC3 /* PBXContainerItemProxy */ = {
			isa = PBXContainerItemProxy;
			containerPortal = 4FF9ACE218DDEBA5008C9CC3 /* Project object */;
			proxyType = 1;
			remoteGlobalIDString = 4FF9ACE918DDEBA5008C9CC3;
			remoteInfo = Rendezvous;
		};
/* End PBXContainerItemProxy section */

/* Begin PBXFileReference section */
		49661CD918E0D8DA007E5CE6 /* AudioToolbox.framework */ = {isa = PBXFileReference; lastKnownFileType = wrapper.framework; name = AudioToolbox.framework; path = System/Library/Frameworks/AudioToolbox.framework; sourceTree = SDKROOT; };
		49661CDB18E0D8DE007E5CE6 /* CFNetwork.framework */ = {isa = PBXFileReference; lastKnownFileType = wrapper.framework; name = CFNetwork.framework; path = System/Library/Frameworks/CFNetwork.framework; sourceTree = SDKROOT; };
		49661CDD18E0D8E8007E5CE6 /* CoreLocation.framework */ = {isa = PBXFileReference; lastKnownFileType = wrapper.framework; name = CoreLocation.framework; path = System/Library/Frameworks/CoreLocation.framework; sourceTree = SDKROOT; };
		49661CDF18E0D8EE007E5CE6 /* libz.dylib */ = {isa = PBXFileReference; lastKnownFileType = "compiled.mach-o.dylib"; name = libz.dylib; path = usr/lib/libz.dylib; sourceTree = SDKROOT; };
		49661CE118E0D8F3007E5CE6 /* MobileCoreServices.framework */ = {isa = PBXFileReference; lastKnownFileType = wrapper.framework; name = MobileCoreServices.framework; path = System/Library/Frameworks/MobileCoreServices.framework; sourceTree = SDKROOT; };
		49661CE318E0D8F9007E5CE6 /* QuartzCore.framework */ = {isa = PBXFileReference; lastKnownFileType = wrapper.framework; name = QuartzCore.framework; path = System/Library/Frameworks/QuartzCore.framework; sourceTree = SDKROOT; };
		49661CE518E0D8FD007E5CE6 /* Security.framework */ = {isa = PBXFileReference; lastKnownFileType = wrapper.framework; name = Security.framework; path = System/Library/Frameworks/Security.framework; sourceTree = SDKROOT; };
		49661CE718E0D903007E5CE6 /* StoreKit.framework */ = {isa = PBXFileReference; lastKnownFileType = wrapper.framework; name = StoreKit.framework; path = System/Library/Frameworks/StoreKit.framework; sourceTree = SDKROOT; };
		49661CE918E0D909007E5CE6 /* SystemConfiguration.framework */ = {isa = PBXFileReference; lastKnownFileType = wrapper.framework; name = SystemConfiguration.framework; path = System/Library/Frameworks/SystemConfiguration.framework; sourceTree = SDKROOT; };
		49661CF118E0DCF1007E5CE6 /* Parse.framework */ = {isa = PBXFileReference; lastKnownFileType = wrapper.framework; name = Parse.framework; path = ../../Parse.framework; sourceTree = "<group>"; };
		49661CF318E0DCF9007E5CE6 /* FacebookSDK.framework */ = {isa = PBXFileReference; lastKnownFileType = wrapper.framework; name = FacebookSDK.framework; path = ../../FacebookSDK/FacebookSDK.framework; sourceTree = "<group>"; };
		49661CF518E0E4CD007E5CE6 /* login-button-small-pressed.png */ = {isa = PBXFileReference; lastKnownFileType = image.png; path = "login-button-small-pressed.png"; sourceTree = "<group>"; };
		49661CF618E0E4CD007E5CE6 /* login-button-small-pressed@2x.png */ = {isa = PBXFileReference; lastKnownFileType = image.png; path = "login-button-small-pressed@2x.png"; sourceTree = "<group>"; };
		49661CF718E0E4CD007E5CE6 /* login-button-small.png */ = {isa = PBXFileReference; lastKnownFileType = image.png; path = "login-button-small.png"; sourceTree = "<group>"; };
		49661CF818E0E4CD007E5CE6 /* login-button-small@2x.png */ = {isa = PBXFileReference; lastKnownFileType = image.png; path = "login-button-small@2x.png"; sourceTree = "<group>"; };
		4FF9ACEA18DDEBA5008C9CC3 /* Rendezvous.app */ = {isa = PBXFileReference; explicitFileType = wrapper.application; includeInIndex = 0; path = Rendezvous.app; sourceTree = BUILT_PRODUCTS_DIR; };
		4FF9ACED18DDEBA5008C9CC3 /* Foundation.framework */ = {isa = PBXFileReference; lastKnownFileType = wrapper.framework; name = Foundation.framework; path = System/Library/Frameworks/Foundation.framework; sourceTree = SDKROOT; };
		4FF9ACEF18DDEBA5008C9CC3 /* CoreGraphics.framework */ = {isa = PBXFileReference; lastKnownFileType = wrapper.framework; name = CoreGraphics.framework; path = System/Library/Frameworks/CoreGraphics.framework; sourceTree = SDKROOT; };
		4FF9ACF118DDEBA5008C9CC3 /* UIKit.framework */ = {isa = PBXFileReference; lastKnownFileType = wrapper.framework; name = UIKit.framework; path = System/Library/Frameworks/UIKit.framework; sourceTree = SDKROOT; };
		4FF9ACF318DDEBA5008C9CC3 /* CoreData.framework */ = {isa = PBXFileReference; lastKnownFileType = wrapper.framework; name = CoreData.framework; path = System/Library/Frameworks/CoreData.framework; sourceTree = SDKROOT; };
		4FF9ACF718DDEBA5008C9CC3 /* Rendezvous-Info.plist */ = {isa = PBXFileReference; lastKnownFileType = text.plist.xml; path = "Rendezvous-Info.plist"; sourceTree = "<group>"; };
		4FF9ACF918DDEBA5008C9CC3 /* en */ = {isa = PBXFileReference; lastKnownFileType = text.plist.strings; name = en; path = en.lproj/InfoPlist.strings; sourceTree = "<group>"; };
		4FF9ACFB18DDEBA5008C9CC3 /* main.m */ = {isa = PBXFileReference; lastKnownFileType = sourcecode.c.objc; path = main.m; sourceTree = "<group>"; };
		4FF9ACFD18DDEBA5008C9CC3 /* Rendezvous-Prefix.pch */ = {isa = PBXFileReference; lastKnownFileType = sourcecode.c.h; path = "Rendezvous-Prefix.pch"; sourceTree = "<group>"; };
		4FF9ACFE18DDEBA5008C9CC3 /* AppDelegate.h */ = {isa = PBXFileReference; lastKnownFileType = sourcecode.c.h; path = AppDelegate.h; sourceTree = "<group>"; };
		4FF9ACFF18DDEBA5008C9CC3 /* AppDelegate.m */ = {isa = PBXFileReference; lastKnownFileType = sourcecode.c.objc; path = AppDelegate.m; sourceTree = "<group>"; };
		4FF9AD0218DDEBA5008C9CC3 /* Rendezvous.xcdatamodel */ = {isa = PBXFileReference; lastKnownFileType = wrapper.xcdatamodel; path = Rendezvous.xcdatamodel; sourceTree = "<group>"; };
		4FF9AD0418DDEBA5008C9CC3 /* Images.xcassets */ = {isa = PBXFileReference; lastKnownFileType = folder.assetcatalog; path = Images.xcassets; sourceTree = "<group>"; };
		4FF9AD0A18DDEBA5008C9CC3 /* RendezvousTests.xctest */ = {isa = PBXFileReference; explicitFileType = wrapper.cfbundle; includeInIndex = 0; path = RendezvousTests.xctest; sourceTree = BUILT_PRODUCTS_DIR; };
		4FF9AD0B18DDEBA5008C9CC3 /* XCTest.framework */ = {isa = PBXFileReference; lastKnownFileType = wrapper.framework; name = XCTest.framework; path = Library/Frameworks/XCTest.framework; sourceTree = DEVELOPER_DIR; };
		4FF9AD1418DDEBA5008C9CC3 /* RendezvousTests-Info.plist */ = {isa = PBXFileReference; lastKnownFileType = text.plist.xml; path = "RendezvousTests-Info.plist"; sourceTree = "<group>"; };
		4FF9AD1618DDEBA5008C9CC3 /* en */ = {isa = PBXFileReference; lastKnownFileType = text.plist.strings; name = en; path = en.lproj/InfoPlist.strings; sourceTree = "<group>"; };
		4FF9AD1818DDEBA5008C9CC3 /* RendezvousTests.m */ = {isa = PBXFileReference; lastKnownFileType = sourcecode.c.objc; path = RendezvousTests.m; sourceTree = "<group>"; };
		4FF9AD2518DDEBE5008C9CC3 /* Storyboard.storyboard */ = {isa = PBXFileReference; fileEncoding = 4; lastKnownFileType = file.storyboard; name = Storyboard.storyboard; path = ../Storyboard.storyboard; sourceTree = "<group>"; };
		4FF9AD2718DE0ADD008C9CC3 /* LoginViewController.h */ = {isa = PBXFileReference; fileEncoding = 4; lastKnownFileType = sourcecode.c.h; path = LoginViewController.h; sourceTree = "<group>"; };
		4FF9AD2818DE0ADD008C9CC3 /* LoginViewController.m */ = {isa = PBXFileReference; fileEncoding = 4; lastKnownFileType = sourcecode.c.objc; path = LoginViewController.m; sourceTree = "<group>"; };
		4FF9AD2A18DE0AF9008C9CC3 /* HomeViewController.h */ = {isa = PBXFileReference; fileEncoding = 4; lastKnownFileType = sourcecode.c.h; path = HomeViewController.h; sourceTree = "<group>"; };
		4FF9AD2B18DE0AF9008C9CC3 /* HomeViewController.m */ = {isa = PBXFileReference; fileEncoding = 4; lastKnownFileType = sourcecode.c.objc; path = HomeViewController.m; sourceTree = "<group>"; };
		4FF9AD2D18DE0B25008C9CC3 /* ContactsViewController.h */ = {isa = PBXFileReference; fileEncoding = 4; lastKnownFileType = sourcecode.c.h; path = ContactsViewController.h; sourceTree = "<group>"; };
		4FF9AD2E18DE0B25008C9CC3 /* ContactsViewController.m */ = {isa = PBXFileReference; fileEncoding = 4; lastKnownFileType = sourcecode.c.objc; path = ContactsViewController.m; sourceTree = "<group>"; };
		4FF9AD3018DE0B55008C9CC3 /* MeetingViewController.h */ = {isa = PBXFileReference; fileEncoding = 4; lastKnownFileType = sourcecode.c.h; path = MeetingViewController.h; sourceTree = "<group>"; };
		4FF9AD3118DE0B55008C9CC3 /* MeetingViewController.m */ = {isa = PBXFileReference; fileEncoding = 4; lastKnownFileType = sourcecode.c.objc; path = MeetingViewController.m; sourceTree = "<group>"; };
		4FF9AD3318DE0B72008C9CC3 /* SettingsViewController.h */ = {isa = PBXFileReference; fileEncoding = 4; lastKnownFileType = sourcecode.c.h; path = SettingsViewController.h; sourceTree = "<group>"; };
		4FF9AD3418DE0B72008C9CC3 /* SettingsViewController.m */ = {isa = PBXFileReference; fileEncoding = 4; lastKnownFileType = sourcecode.c.objc; path = SettingsViewController.m; sourceTree = "<group>"; };
		4FF9AD3618DE1394008C9CC3 /* TableViewController.h */ = {isa = PBXFileReference; fileEncoding = 4; lastKnownFileType = sourcecode.c.h; path = TableViewController.h; sourceTree = "<group>"; };
		4FF9AD3718DE1394008C9CC3 /* TableViewController.m */ = {isa = PBXFileReference; fileEncoding = 4; lastKnownFileType = sourcecode.c.objc; path = TableViewController.m; sourceTree = "<group>"; };
		4FF9AD3A18DF0A71008C9CC3 /* HomeCell.h */ = {isa = PBXFileReference; fileEncoding = 4; lastKnownFileType = sourcecode.c.h; path = HomeCell.h; sourceTree = "<group>"; };
		4FF9AD3B18DF0A71008C9CC3 /* HomeCell.m */ = {isa = PBXFileReference; fileEncoding = 4; lastKnownFileType = sourcecode.c.objc; path = HomeCell.m; sourceTree = "<group>"; };
		4FF9AD3E18DF2778008C9CC3 /* MapKit.framework */ = {isa = PBXFileReference; lastKnownFileType = wrapper.framework; name = MapKit.framework; path = System/Library/Frameworks/MapKit.framework; sourceTree = SDKROOT; };
		4FF9AD4018DF27EC008C9CC3 /* LocationViewController.h */ = {isa = PBXFileReference; fileEncoding = 4; lastKnownFileType = sourcecode.c.h; path = LocationViewController.h; sourceTree = "<group>"; };
		4FF9AD4118DF27EC008C9CC3 /* LocationViewController.m */ = {isa = PBXFileReference; fileEncoding = 4; lastKnownFileType = sourcecode.c.objc; path = LocationViewController.m; sourceTree = "<group>"; };
/* End PBXFileReference section */

/* Begin PBXFrameworksBuildPhase section */
		4FF9ACE718DDEBA5008C9CC3 /* Frameworks */ = {
			isa = PBXFrameworksBuildPhase;
			buildActionMask = 2147483647;
			files = (
				49661CEA18E0D909007E5CE6 /* SystemConfiguration.framework in Frameworks */,
				49661CE818E0D903007E5CE6 /* StoreKit.framework in Frameworks */,
				49661CE618E0D8FD007E5CE6 /* Security.framework in Frameworks */,
				49661CE418E0D8F9007E5CE6 /* QuartzCore.framework in Frameworks */,
				49661CF218E0DCF1007E5CE6 /* Parse.framework in Frameworks */,
				49661CE218E0D8F3007E5CE6 /* MobileCoreServices.framework in Frameworks */,
				49661CE018E0D8EE007E5CE6 /* libz.dylib in Frameworks */,
				49661CDE18E0D8E8007E5CE6 /* CoreLocation.framework in Frameworks */,
				4FF9ACF018DDEBA5008C9CC3 /* CoreGraphics.framework in Frameworks */,
				49661CDC18E0D8DE007E5CE6 /* CFNetwork.framework in Frameworks */,
				49661CDA18E0D8DA007E5CE6 /* AudioToolbox.framework in Frameworks */,
				4FF9ACF418DDEBA5008C9CC3 /* CoreData.framework in Frameworks */,
				4FF9AD3F18DF2778008C9CC3 /* MapKit.framework in Frameworks */,
				49661CF418E0DCF9007E5CE6 /* FacebookSDK.framework in Frameworks */,
				4FF9ACF218DDEBA5008C9CC3 /* UIKit.framework in Frameworks */,
				4FF9ACEE18DDEBA5008C9CC3 /* Foundation.framework in Frameworks */,
			);
			runOnlyForDeploymentPostprocessing = 0;
		};
		4FF9AD0718DDEBA5008C9CC3 /* Frameworks */ = {
			isa = PBXFrameworksBuildPhase;
			buildActionMask = 2147483647;
			files = (
				4FF9AD0C18DDEBA5008C9CC3 /* XCTest.framework in Frameworks */,
				4FF9AD0F18DDEBA5008C9CC3 /* CoreData.framework in Frameworks */,
				4FF9AD0E18DDEBA5008C9CC3 /* UIKit.framework in Frameworks */,
				4FF9AD0D18DDEBA5008C9CC3 /* Foundation.framework in Frameworks */,
			);
			runOnlyForDeploymentPostprocessing = 0;
		};
/* End PBXFrameworksBuildPhase section */

/* Begin PBXGroup section */
		4FF9ACE118DDEBA5008C9CC3 = {
			isa = PBXGroup;
			children = (
				4FF9ACF518DDEBA5008C9CC3 /* Rendezvous */,
				4FF9AD1218DDEBA5008C9CC3 /* RendezvousTests */,
				4FF9ACEC18DDEBA5008C9CC3 /* Frameworks */,
				4FF9ACEB18DDEBA5008C9CC3 /* Products */,
			);
			sourceTree = "<group>";
		};
		4FF9ACEB18DDEBA5008C9CC3 /* Products */ = {
			isa = PBXGroup;
			children = (
				4FF9ACEA18DDEBA5008C9CC3 /* Rendezvous.app */,
				4FF9AD0A18DDEBA5008C9CC3 /* RendezvousTests.xctest */,
			);
			name = Products;
			sourceTree = "<group>";
		};
		4FF9ACEC18DDEBA5008C9CC3 /* Frameworks */ = {
			isa = PBXGroup;
			children = (
				49661CE918E0D909007E5CE6 /* SystemConfiguration.framework */,
				49661CE718E0D903007E5CE6 /* StoreKit.framework */,
				49661CE518E0D8FD007E5CE6 /* Security.framework */,
				49661CE318E0D8F9007E5CE6 /* QuartzCore.framework */,
				49661CE118E0D8F3007E5CE6 /* MobileCoreServices.framework */,
				49661CDF18E0D8EE007E5CE6 /* libz.dylib */,
				49661CF318E0DCF9007E5CE6 /* FacebookSDK.framework */,
				49661CF118E0DCF1007E5CE6 /* Parse.framework */,
				49661CDD18E0D8E8007E5CE6 /* CoreLocation.framework */,
				49661CDB18E0D8DE007E5CE6 /* CFNetwork.framework */,
				49661CD918E0D8DA007E5CE6 /* AudioToolbox.framework */,
				4FF9AD3E18DF2778008C9CC3 /* MapKit.framework */,
				4FF9ACED18DDEBA5008C9CC3 /* Foundation.framework */,
				4FF9ACEF18DDEBA5008C9CC3 /* CoreGraphics.framework */,
				4FF9ACF118DDEBA5008C9CC3 /* UIKit.framework */,
				4FF9ACF318DDEBA5008C9CC3 /* CoreData.framework */,
				4FF9AD0B18DDEBA5008C9CC3 /* XCTest.framework */,
			);
			name = Frameworks;
			sourceTree = "<group>";
		};
		4FF9ACF518DDEBA5008C9CC3 /* Rendezvous */ = {
			isa = PBXGroup;
			children = (
				4FF9AD2218DDEBB0008C9CC3 /* Model */,
				4FF9AD2318DDEBB6008C9CC3 /* View */,
				4FF9AD2418DDEBBF008C9CC3 /* Controller */,
				4FF9AD0418DDEBA5008C9CC3 /* Images.xcassets */,
				4FF9AD0118DDEBA5008C9CC3 /* Rendezvous.xcdatamodeld */,
				4FF9ACF618DDEBA5008C9CC3 /* Supporting Files */,
			);
			path = Rendezvous;
			sourceTree = "<group>";
		};
		4FF9ACF618DDEBA5008C9CC3 /* Supporting Files */ = {
			isa = PBXGroup;
			children = (
				49661CF518E0E4CD007E5CE6 /* login-button-small-pressed.png */,
				49661CF618E0E4CD007E5CE6 /* login-button-small-pressed@2x.png */,
				49661CF718E0E4CD007E5CE6 /* login-button-small.png */,
				49661CF818E0E4CD007E5CE6 /* login-button-small@2x.png */,
				4FF9ACF718DDEBA5008C9CC3 /* Rendezvous-Info.plist */,
				4FF9ACF818DDEBA5008C9CC3 /* InfoPlist.strings */,
				4FF9ACFB18DDEBA5008C9CC3 /* main.m */,
				4FF9ACFD18DDEBA5008C9CC3 /* Rendezvous-Prefix.pch */,
			);
			name = "Supporting Files";
			sourceTree = "<group>";
		};
		4FF9AD1218DDEBA5008C9CC3 /* RendezvousTests */ = {
			isa = PBXGroup;
			children = (
				4FF9AD1818DDEBA5008C9CC3 /* RendezvousTests.m */,
				4FF9AD1318DDEBA5008C9CC3 /* Supporting Files */,
			);
			path = RendezvousTests;
			sourceTree = "<group>";
		};
		4FF9AD1318DDEBA5008C9CC3 /* Supporting Files */ = {
			isa = PBXGroup;
			children = (
				4FF9AD1418DDEBA5008C9CC3 /* RendezvousTests-Info.plist */,
				4FF9AD1518DDEBA5008C9CC3 /* InfoPlist.strings */,
			);
			name = "Supporting Files";
			sourceTree = "<group>";
		};
		4FF9AD2218DDEBB0008C9CC3 /* Model */ = {
			isa = PBXGroup;
			children = (
				4FF9ACFE18DDEBA5008C9CC3 /* AppDelegate.h */,
				4FF9ACFF18DDEBA5008C9CC3 /* AppDelegate.m */,
			);
			name = Model;
			sourceTree = "<group>";
		};
		4FF9AD2318DDEBB6008C9CC3 /* View */ = {
			isa = PBXGroup;
			children = (
				4FF9AD3918DF0A48008C9CC3 /* Cells */,
				4FF9AD2518DDEBE5008C9CC3 /* Storyboard.storyboard */,
			);
			name = View;
			sourceTree = "<group>";
		};
		4FF9AD2418DDEBBF008C9CC3 /* Controller */ = {
			isa = PBXGroup;
			children = (
				4FF9AD3D18DF0A84008C9CC3 /* Cells */,
				4FF9AD2718DE0ADD008C9CC3 /* LoginViewController.h */,
				4FF9AD2818DE0ADD008C9CC3 /* LoginViewController.m */,
				4FF9AD2A18DE0AF9008C9CC3 /* HomeViewController.h */,
				4FF9AD2B18DE0AF9008C9CC3 /* HomeViewController.m */,
				4FF9AD2D18DE0B25008C9CC3 /* ContactsViewController.h */,
				4FF9AD2E18DE0B25008C9CC3 /* ContactsViewController.m */,
				4FF9AD3018DE0B55008C9CC3 /* MeetingViewController.h */,
				4FF9AD3118DE0B55008C9CC3 /* MeetingViewController.m */,
				4FF9AD3318DE0B72008C9CC3 /* SettingsViewController.h */,
				4FF9AD3418DE0B72008C9CC3 /* SettingsViewController.m */,
				4FF9AD4018DF27EC008C9CC3 /* LocationViewController.h */,
				4FF9AD4118DF27EC008C9CC3 /* LocationViewController.m */,
				4FF9AD3618DE1394008C9CC3 /* TableViewController.h */,
				4FF9AD3718DE1394008C9CC3 /* TableViewController.m */,
			);
			name = Controller;
			sourceTree = "<group>";
		};
		4FF9AD3918DF0A48008C9CC3 /* Cells */ = {
			isa = PBXGroup;
			children = (
			);
			name = Cells;
			sourceTree = "<group>";
		};
		4FF9AD3D18DF0A84008C9CC3 /* Cells */ = {
			isa = PBXGroup;
			children = (
				4FF9AD3A18DF0A71008C9CC3 /* HomeCell.h */,
				4FF9AD3B18DF0A71008C9CC3 /* HomeCell.m */,
			);
			name = Cells;
			sourceTree = "<group>";
		};
/* End PBXGroup section */

/* Begin PBXNativeTarget section */
		4FF9ACE918DDEBA5008C9CC3 /* Rendezvous */ = {
			isa = PBXNativeTarget;
			buildConfigurationList = 4FF9AD1C18DDEBA5008C9CC3 /* Build configuration list for PBXNativeTarget "Rendezvous" */;
			buildPhases = (
				4FF9ACE618DDEBA5008C9CC3 /* Sources */,
				4FF9ACE718DDEBA5008C9CC3 /* Frameworks */,
				4FF9ACE818DDEBA5008C9CC3 /* Resources */,
			);
			buildRules = (
			);
			dependencies = (
			);
			name = Rendezvous;
			productName = Rendezvous;
			productReference = 4FF9ACEA18DDEBA5008C9CC3 /* Rendezvous.app */;
			productType = "com.apple.product-type.application";
		};
		4FF9AD0918DDEBA5008C9CC3 /* RendezvousTests */ = {
			isa = PBXNativeTarget;
			buildConfigurationList = 4FF9AD1F18DDEBA5008C9CC3 /* Build configuration list for PBXNativeTarget "RendezvousTests" */;
			buildPhases = (
				4FF9AD0618DDEBA5008C9CC3 /* Sources */,
				4FF9AD0718DDEBA5008C9CC3 /* Frameworks */,
				4FF9AD0818DDEBA5008C9CC3 /* Resources */,
			);
			buildRules = (
			);
			dependencies = (
				4FF9AD1118DDEBA5008C9CC3 /* PBXTargetDependency */,
			);
			name = RendezvousTests;
			productName = RendezvousTests;
			productReference = 4FF9AD0A18DDEBA5008C9CC3 /* RendezvousTests.xctest */;
			productType = "com.apple.product-type.bundle.unit-test";
		};
/* End PBXNativeTarget section */

/* Begin PBXProject section */
		4FF9ACE218DDEBA5008C9CC3 /* Project object */ = {
			isa = PBXProject;
			attributes = {
				LastUpgradeCheck = 0510;
				ORGANIZATIONNAME = Penning;
				TargetAttributes = {
					4FF9ACE918DDEBA5008C9CC3 = {
						SystemCapabilities = {
							com.apple.iOS = {
								enabled = 1;
							};
						};
					};
					4FF9AD0918DDEBA5008C9CC3 = {
						TestTargetID = 4FF9ACE918DDEBA5008C9CC3;
					};
				};
			};
			buildConfigurationList = 4FF9ACE518DDEBA5008C9CC3 /* Build configuration list for PBXProject "Rendezvous" */;
			compatibilityVersion = "Xcode 3.2";
			developmentRegion = English;
			hasScannedForEncodings = 0;
			knownRegions = (
				en,
			);
			mainGroup = 4FF9ACE118DDEBA5008C9CC3;
			productRefGroup = 4FF9ACEB18DDEBA5008C9CC3 /* Products */;
			projectDirPath = "";
			projectRoot = "";
			targets = (
				4FF9ACE918DDEBA5008C9CC3 /* Rendezvous */,
				4FF9AD0918DDEBA5008C9CC3 /* RendezvousTests */,
			);
		};
/* End PBXProject section */

/* Begin PBXResourcesBuildPhase section */
		4FF9ACE818DDEBA5008C9CC3 /* Resources */ = {
			isa = PBXResourcesBuildPhase;
			buildActionMask = 2147483647;
			files = (
				49661CFA18E0E4CD007E5CE6 /* login-button-small-pressed@2x.png in Resources */,
				49661CFB18E0E4CD007E5CE6 /* login-button-small.png in Resources */,
				49661CF918E0E4CD007E5CE6 /* login-button-small-pressed.png in Resources */,
				4FF9ACFA18DDEBA5008C9CC3 /* InfoPlist.strings in Resources */,
				4FF9AD0518DDEBA5008C9CC3 /* Images.xcassets in Resources */,
				49661CFC18E0E4CD007E5CE6 /* login-button-small@2x.png in Resources */,
				4FF9AD2618DDEBE5008C9CC3 /* Storyboard.storyboard in Resources */,
			);
			runOnlyForDeploymentPostprocessing = 0;
		};
		4FF9AD0818DDEBA5008C9CC3 /* Resources */ = {
			isa = PBXResourcesBuildPhase;
			buildActionMask = 2147483647;
			files = (
				4FF9AD1718DDEBA5008C9CC3 /* InfoPlist.strings in Resources */,
			);
			runOnlyForDeploymentPostprocessing = 0;
		};
/* End PBXResourcesBuildPhase section */

/* Begin PBXSourcesBuildPhase section */
		4FF9ACE618DDEBA5008C9CC3 /* Sources */ = {
			isa = PBXSourcesBuildPhase;
			buildActionMask = 2147483647;
			files = (
				4FF9AD3218DE0B55008C9CC3 /* MeetingViewController.m in Sources */,
				4FF9AD2918DE0ADD008C9CC3 /* LoginViewController.m in Sources */,
				4FF9AD3C18DF0A71008C9CC3 /* HomeCell.m in Sources */,
				4FF9AD4218DF27EC008C9CC3 /* LocationViewController.m in Sources */,
				4FF9AD2F18DE0B25008C9CC3 /* ContactsViewController.m in Sources */,
				4FF9AD3518DE0B72008C9CC3 /* SettingsViewController.m in Sources */,
				4FF9AD3818DE1394008C9CC3 /* TableViewController.m in Sources */,
				4FF9AD0318DDEBA5008C9CC3 /* Rendezvous.xcdatamodeld in Sources */,
				4FF9AD0018DDEBA5008C9CC3 /* AppDelegate.m in Sources */,
				4FF9AD2C18DE0AF9008C9CC3 /* HomeViewController.m in Sources */,
				4FF9ACFC18DDEBA5008C9CC3 /* main.m in Sources */,
			);
			runOnlyForDeploymentPostprocessing = 0;
		};
		4FF9AD0618DDEBA5008C9CC3 /* Sources */ = {
			isa = PBXSourcesBuildPhase;
			buildActionMask = 2147483647;
			files = (
				4FF9AD1918DDEBA5008C9CC3 /* RendezvousTests.m in Sources */,
			);
			runOnlyForDeploymentPostprocessing = 0;
		};
/* End PBXSourcesBuildPhase section */

/* Begin PBXTargetDependency section */
		4FF9AD1118DDEBA5008C9CC3 /* PBXTargetDependency */ = {
			isa = PBXTargetDependency;
			target = 4FF9ACE918DDEBA5008C9CC3 /* Rendezvous */;
			targetProxy = 4FF9AD1018DDEBA5008C9CC3 /* PBXContainerItemProxy */;
		};
/* End PBXTargetDependency section */

/* Begin PBXVariantGroup section */
		4FF9ACF818DDEBA5008C9CC3 /* InfoPlist.strings */ = {
			isa = PBXVariantGroup;
			children = (
				4FF9ACF918DDEBA5008C9CC3 /* en */,
			);
			name = InfoPlist.strings;
			sourceTree = "<group>";
		};
		4FF9AD1518DDEBA5008C9CC3 /* InfoPlist.strings */ = {
			isa = PBXVariantGroup;
			children = (
				4FF9AD1618DDEBA5008C9CC3 /* en */,
			);
			name = InfoPlist.strings;
			sourceTree = "<group>";
		};
/* End PBXVariantGroup section */

/* Begin XCBuildConfiguration section */
		4FF9AD1A18DDEBA5008C9CC3 /* Debug */ = {
			isa = XCBuildConfiguration;
			buildSettings = {
				ALWAYS_SEARCH_USER_PATHS = NO;
				CLANG_CXX_LANGUAGE_STANDARD = "gnu++0x";
				CLANG_CXX_LIBRARY = "libc++";
				CLANG_ENABLE_MODULES = YES;
				CLANG_ENABLE_OBJC_ARC = YES;
				CLANG_WARN_BOOL_CONVERSION = YES;
				CLANG_WARN_CONSTANT_CONVERSION = YES;
				CLANG_WARN_DIRECT_OBJC_ISA_USAGE = YES_ERROR;
				CLANG_WARN_EMPTY_BODY = YES;
				CLANG_WARN_ENUM_CONVERSION = YES;
				CLANG_WARN_INT_CONVERSION = YES;
				CLANG_WARN_OBJC_ROOT_CLASS = YES_ERROR;
				CLANG_WARN__DUPLICATE_METHOD_MATCH = YES;
				"CODE_SIGN_IDENTITY[sdk=iphoneos*]" = "iPhone Developer";
				COPY_PHASE_STRIP = NO;
				GCC_C_LANGUAGE_STANDARD = gnu99;
				GCC_DYNAMIC_NO_PIC = NO;
				GCC_OPTIMIZATION_LEVEL = 0;
				GCC_PREPROCESSOR_DEFINITIONS = (
					"DEBUG=1",
					"$(inherited)",
				);
				GCC_SYMBOLS_PRIVATE_EXTERN = NO;
				GCC_WARN_64_TO_32_BIT_CONVERSION = YES;
				GCC_WARN_ABOUT_RETURN_TYPE = YES_ERROR;
				GCC_WARN_UNDECLARED_SELECTOR = YES;
				GCC_WARN_UNINITIALIZED_AUTOS = YES_AGGRESSIVE;
				GCC_WARN_UNUSED_FUNCTION = YES;
				GCC_WARN_UNUSED_VARIABLE = YES;
				IPHONEOS_DEPLOYMENT_TARGET = 7.1;
				ONLY_ACTIVE_ARCH = YES;
				SDKROOT = iphoneos;
			};
			name = Debug;
		};
		4FF9AD1B18DDEBA5008C9CC3 /* Release */ = {
			isa = XCBuildConfiguration;
			buildSettings = {
				ALWAYS_SEARCH_USER_PATHS = NO;
				CLANG_CXX_LANGUAGE_STANDARD = "gnu++0x";
				CLANG_CXX_LIBRARY = "libc++";
				CLANG_ENABLE_MODULES = YES;
				CLANG_ENABLE_OBJC_ARC = YES;
				CLANG_WARN_BOOL_CONVERSION = YES;
				CLANG_WARN_CONSTANT_CONVERSION = YES;
				CLANG_WARN_DIRECT_OBJC_ISA_USAGE = YES_ERROR;
				CLANG_WARN_EMPTY_BODY = YES;
				CLANG_WARN_ENUM_CONVERSION = YES;
				CLANG_WARN_INT_CONVERSION = YES;
				CLANG_WARN_OBJC_ROOT_CLASS = YES_ERROR;
				CLANG_WARN__DUPLICATE_METHOD_MATCH = YES;
				"CODE_SIGN_IDENTITY[sdk=iphoneos*]" = "iPhone Developer";
				COPY_PHASE_STRIP = YES;
				ENABLE_NS_ASSERTIONS = NO;
				GCC_C_LANGUAGE_STANDARD = gnu99;
				GCC_WARN_64_TO_32_BIT_CONVERSION = YES;
				GCC_WARN_ABOUT_RETURN_TYPE = YES_ERROR;
				GCC_WARN_UNDECLARED_SELECTOR = YES;
				GCC_WARN_UNINITIALIZED_AUTOS = YES_AGGRESSIVE;
				GCC_WARN_UNUSED_FUNCTION = YES;
				GCC_WARN_UNUSED_VARIABLE = YES;
				IPHONEOS_DEPLOYMENT_TARGET = 7.1;
				SDKROOT = iphoneos;
				VALIDATE_PRODUCT = YES;
			};
			name = Release;
		};
		4FF9AD1D18DDEBA5008C9CC3 /* Debug */ = {
			isa = XCBuildConfiguration;
			buildSettings = {
				ASSETCATALOG_COMPILER_APPICON_NAME = AppIcon;
				ASSETCATALOG_COMPILER_LAUNCHIMAGE_NAME = LaunchImage;
				FRAMEWORK_SEARCH_PATHS = (
					"$(inherited)",
					"$(PROJECT_DIR)",
					/Users/pramods/Documents/FacebookSDK,
					/Users/pramods/Documents,
				);
				GCC_PRECOMPILE_PREFIX_HEADER = YES;
				GCC_PREFIX_HEADER = "Rendezvous/Rendezvous-Prefix.pch";
				INFOPLIST_FILE = "Rendezvous/Rendezvous-Info.plist";
				OTHER_LDFLAGS = "-ObjC";
				PRODUCT_NAME = "$(TARGET_NAME)";
				WRAPPER_EXTENSION = app;
			};
			name = Debug;
		};
		4FF9AD1E18DDEBA5008C9CC3 /* Release */ = {
			isa = XCBuildConfiguration;
			buildSettings = {
				ASSETCATALOG_COMPILER_APPICON_NAME = AppIcon;
				ASSETCATALOG_COMPILER_LAUNCHIMAGE_NAME = LaunchImage;
				FRAMEWORK_SEARCH_PATHS = (
					"$(inherited)",
					"$(PROJECT_DIR)",
					/Users/pramods/Documents/FacebookSDK,
					/Users/pramods/Documents,
				);
				GCC_PRECOMPILE_PREFIX_HEADER = YES;
				GCC_PREFIX_HEADER = "Rendezvous/Rendezvous-Prefix.pch";
				INFOPLIST_FILE = "Rendezvous/Rendezvous-Info.plist";
				OTHER_LDFLAGS = "-ObjC";
				PRODUCT_NAME = "$(TARGET_NAME)";
				WRAPPER_EXTENSION = app;
			};
			name = Release;
		};
		4FF9AD2018DDEBA5008C9CC3 /* Debug */ = {
			isa = XCBuildConfiguration;
			buildSettings = {
				BUNDLE_LOADER = "$(BUILT_PRODUCTS_DIR)/Rendezvous.app/Rendezvous";
				FRAMEWORK_SEARCH_PATHS = (
					"$(SDKROOT)/Developer/Library/Frameworks",
					"$(inherited)",
					"$(DEVELOPER_FRAMEWORKS_DIR)",
				);
				GCC_PRECOMPILE_PREFIX_HEADER = YES;
				GCC_PREFIX_HEADER = "Rendezvous/Rendezvous-Prefix.pch";
				GCC_PREPROCESSOR_DEFINITIONS = (
					"DEBUG=1",
					"$(inherited)",
				);
				INFOPLIST_FILE = "RendezvousTests/RendezvousTests-Info.plist";
				PRODUCT_NAME = "$(TARGET_NAME)";
				TEST_HOST = "$(BUNDLE_LOADER)";
				WRAPPER_EXTENSION = xctest;
			};
			name = Debug;
		};
		4FF9AD2118DDEBA5008C9CC3 /* Release */ = {
			isa = XCBuildConfiguration;
			buildSettings = {
				BUNDLE_LOADER = "$(BUILT_PRODUCTS_DIR)/Rendezvous.app/Rendezvous";
				FRAMEWORK_SEARCH_PATHS = (
					"$(SDKROOT)/Developer/Library/Frameworks",
					"$(inherited)",
					"$(DEVELOPER_FRAMEWORKS_DIR)",
				);
				GCC_PRECOMPILE_PREFIX_HEADER = YES;
				GCC_PREFIX_HEADER = "Rendezvous/Rendezvous-Prefix.pch";
				INFOPLIST_FILE = "RendezvousTests/RendezvousTests-Info.plist";
				PRODUCT_NAME = "$(TARGET_NAME)";
				TEST_HOST = "$(BUNDLE_LOADER)";
				WRAPPER_EXTENSION = xctest;
			};
			name = Release;
		};
/* End XCBuildConfiguration section */

/* Begin XCConfigurationList section */
		4FF9ACE518DDEBA5008C9CC3 /* Build configuration list for PBXProject "Rendezvous" */ = {
			isa = XCConfigurationList;
			buildConfigurations = (
				4FF9AD1A18DDEBA5008C9CC3 /* Debug */,
				4FF9AD1B18DDEBA5008C9CC3 /* Release */,
			);
			defaultConfigurationIsVisible = 0;
			defaultConfigurationName = Release;
		};
		4FF9AD1C18DDEBA5008C9CC3 /* Build configuration list for PBXNativeTarget "Rendezvous" */ = {
			isa = XCConfigurationList;
			buildConfigurations = (
				4FF9AD1D18DDEBA5008C9CC3 /* Debug */,
				4FF9AD1E18DDEBA5008C9CC3 /* Release */,
			);
			defaultConfigurationIsVisible = 0;
			defaultConfigurationName = Release;
		};
		4FF9AD1F18DDEBA5008C9CC3 /* Build configuration list for PBXNativeTarget "RendezvousTests" */ = {
			isa = XCConfigurationList;
			buildConfigurations = (
				4FF9AD2018DDEBA5008C9CC3 /* Debug */,
				4FF9AD2118DDEBA5008C9CC3 /* Release */,
			);
			defaultConfigurationIsVisible = 0;
			defaultConfigurationName = Release;
		};
/* End XCConfigurationList section */

/* Begin XCVersionGroup section */
		4FF9AD0118DDEBA5008C9CC3 /* Rendezvous.xcdatamodeld */ = {
			isa = XCVersionGroup;
			children = (
				4FF9AD0218DDEBA5008C9CC3 /* Rendezvous.xcdatamodel */,
			);
			currentVersion = 4FF9AD0218DDEBA5008C9CC3 /* Rendezvous.xcdatamodel */;
			path = Rendezvous.xcdatamodeld;
			sourceTree = "<group>";
			versionGroupType = wrapper.xcdatamodel;
		};
/* End XCVersionGroup section */
	};
	rootObject = 4FF9ACE218DDEBA5008C9CC3 /* Project object */;
}
